// !$*UTF8*$!
{
	archiveVersion = 1;
	classes = {
	};
	objectVersion = 54;
	objects = {

/* Begin PBXBuildFile section */
		2F103CCF26ED720700BF9F20 /* divina_commedia.json in Resources */ = {isa = PBXBuildFile; fileRef = 2F103CCE26ED720700BF9F20 /* divina_commedia.json */; };
		2F103CD226ED725100BF9F20 /* CreditsTableViewController.swift in Sources */ = {isa = PBXBuildFile; fileRef = 2F103CD126ED725100BF9F20 /* CreditsTableViewController.swift */; };
		2F53A7D226E78B0500559655 /* SpectrogramViewController.swift in Sources */ = {isa = PBXBuildFile; fileRef = 2F53A7D126E78B0500559655 /* SpectrogramViewController.swift */; };
		2F53A7D426E7D9CE00559655 /* AudioSpectrogram.swift in Sources */ = {isa = PBXBuildFile; fileRef = 2F53A7D326E7D9CE00559655 /* AudioSpectrogram.swift */; };
		2F53A7D626E7DA5900559655 /* AudioSpectrogram+AVCaptureAudioDataOutputSampleBufferDelegate.swift in Sources */ = {isa = PBXBuildFile; fileRef = 2F53A7D526E7DA5900559655 /* AudioSpectrogram+AVCaptureAudioDataOutputSampleBufferDelegate.swift */; };
		2F53A7DC26E959E500559655 /* Calculator.swift in Sources */ = {isa = PBXBuildFile; fileRef = 2F53A7DB26E959E500559655 /* Calculator.swift */; };
		2F53A7E026E9687700559655 /* HTML.swift in Sources */ = {isa = PBXBuildFile; fileRef = 2F53A7DF26E9687700559655 /* HTML.swift */; };
		2F53A7E326EAA3C500559655 /* CommediaDrawPreparation.swift in Sources */ = {isa = PBXBuildFile; fileRef = 2F53A7E226EAA3C500559655 /* CommediaDrawPreparation.swift */; };
		2F53A7E526EAA41600559655 /* Cantica.swift in Sources */ = {isa = PBXBuildFile; fileRef = 2F53A7E426EAA41600559655 /* Cantica.swift */; };
		2F53A7E726EAA65E00559655 /* DrawViewController.swift in Sources */ = {isa = PBXBuildFile; fileRef = 2F53A7E626EAA65E00559655 /* DrawViewController.swift */; };
		2F99EDC626E6C31700F1DBAF /* AppDelegate.swift in Sources */ = {isa = PBXBuildFile; fileRef = 2F99EDC526E6C31700F1DBAF /* AppDelegate.swift */; };
		2F99EDC826E6C31700F1DBAF /* SceneDelegate.swift in Sources */ = {isa = PBXBuildFile; fileRef = 2F99EDC726E6C31700F1DBAF /* SceneDelegate.swift */; };
		2F99EDCA26E6C31700F1DBAF /* StartViewController.swift in Sources */ = {isa = PBXBuildFile; fileRef = 2F99EDC926E6C31700F1DBAF /* StartViewController.swift */; };
		2F99EDCD26E6C31700F1DBAF /* Main.storyboard in Resources */ = {isa = PBXBuildFile; fileRef = 2F99EDCB26E6C31700F1DBAF /* Main.storyboard */; };
		2F99EDCF26E6C31800F1DBAF /* Assets.xcassets in Resources */ = {isa = PBXBuildFile; fileRef = 2F99EDCE26E6C31800F1DBAF /* Assets.xcassets */; };
		2F99EDD226E6C31800F1DBAF /* LaunchScreen.storyboard in Resources */ = {isa = PBXBuildFile; fileRef = 2F99EDD026E6C31800F1DBAF /* LaunchScreen.storyboard */; };
		2FA5A06426ED740100579588 /* Commedia.swift in Sources */ = {isa = PBXBuildFile; fileRef = 2FA5A06326ED740100579588 /* Commedia.swift */; };
		2FA98ABE26ED54B300DE4681 /* KDTree in Frameworks */ = {isa = PBXBuildFile; productRef = 2FA98ABD26ED54B300DE4681 /* KDTree */; };
		2FD14C5D26ED94EC0092CC69 /* SwiftSoup in Frameworks */ = {isa = PBXBuildFile; productRef = 2FD14C5C26ED94EC0092CC69 /* SwiftSoup */; };
		2FD1651828BD4F7600438BF5 /* BBToast in Frameworks */ = {isa = PBXBuildFile; productRef = 2FD1651728BD4F7600438BF5 /* BBToast */; };
		4A195E0928D52A0500FF2BA7 /* Visual_6.png in Resources */ = {isa = PBXBuildFile; fileRef = 4A195E0828D52A0500FF2BA7 /* Visual_6.png */; };
		4A3E0B6D28C7E33000AA03BB /* Spectrogram.swift in Sources */ = {isa = PBXBuildFile; fileRef = 4A3E0B6C28C7E33000AA03BB /* Spectrogram.swift */; };
		4A3E0B7128C7E7CE00AA03BB /* Visual_2.png in Resources */ = {isa = PBXBuildFile; fileRef = 4A3E0B6E28C7E7CE00AA03BB /* Visual_2.png */; };
		4A3E0B7228C7E7CE00AA03BB /* Visual_3.png in Resources */ = {isa = PBXBuildFile; fileRef = 4A3E0B6F28C7E7CE00AA03BB /* Visual_3.png */; };
		4A3E0B7328C7E7CE00AA03BB /* Visual_1.png in Resources */ = {isa = PBXBuildFile; fileRef = 4A3E0B7028C7E7CE00AA03BB /* Visual_1.png */; };
		4A49201C28D3D39300DB4EFF /* Visual_13.png in Resources */ = {isa = PBXBuildFile; fileRef = 4A49201B28D3D39300DB4EFF /* Visual_13.png */; };
		4A534F1A28D5306B00256EF7 /* Visual_15.png in Resources */ = {isa = PBXBuildFile; fileRef = 4A534F1928D5306B00256EF7 /* Visual_15.png */; };
		4A564E5D28CE5A35009EDB5E /* Localizable.strings in Resources */ = {isa = PBXBuildFile; fileRef = 4A564E5F28CE5A35009EDB5E /* Localizable.strings */; };
		4A564E6328CE5F26009EDB5E /* InfoPlist.strings in Resources */ = {isa = PBXBuildFile; fileRef = 4A564E6528CE5F26009EDB5E /* InfoPlist.strings */; };
		4A564E6928CE9606009EDB5E /* Visual_7.png in Resources */ = {isa = PBXBuildFile; fileRef = 4A564E6728CE9606009EDB5E /* Visual_7.png */; };
		4A564E6A28CE9606009EDB5E /* Visual_4.png in Resources */ = {isa = PBXBuildFile; fileRef = 4A564E6828CE9606009EDB5E /* Visual_4.png */; };
		4A564E6C28CE9CD8009EDB5E /* Visual_5.png in Resources */ = {isa = PBXBuildFile; fileRef = 4A564E6B28CE9CD8009EDB5E /* Visual_5.png */; };
		4A5B9BD828D1179A00778782 /* Visual_9.png in Resources */ = {isa = PBXBuildFile; fileRef = 4A5B9BD728D1179A00778782 /* Visual_9.png */; };
		4A5B9BDA28D121F900778782 /* Visual_8.png in Resources */ = {isa = PBXBuildFile; fileRef = 4A5B9BD928D121F900778782 /* Visual_8.png */; };
		4A5B9BDC28D1271300778782 /* Visual_10.png in Resources */ = {isa = PBXBuildFile; fileRef = 4A5B9BDB28D1271300778782 /* Visual_10.png */; };
		4A5B9BE528D2767100778782 /* Visual_14.png in Resources */ = {isa = PBXBuildFile; fileRef = 4A5B9BE328D2767100778782 /* Visual_14.png */; };
		4A5B9BE628D2767100778782 /* Visual_11.png in Resources */ = {isa = PBXBuildFile; fileRef = 4A5B9BE428D2767100778782 /* Visual_11.png */; };
		4A5B9BE828D285E900778782 /* Visual_12.png in Resources */ = {isa = PBXBuildFile; fileRef = 4A5B9BE728D285E900778782 /* Visual_12.png */; };
		4A96DD5C28C00B2F00DB268B /* SourceType.swift in Sources */ = {isa = PBXBuildFile; fileRef = 4A96DD5B28C00B2F00DB268B /* SourceType.swift */; };
		4A96DD7D28C379BA00DB268B /* CreditsViewModel.swift in Sources */ = {isa = PBXBuildFile; fileRef = 4A96DD7C28C379BA00DB268B /* CreditsViewModel.swift */; };
		4A96DD7F28C37D5000DB268B /* DrawViewModel.swift in Sources */ = {isa = PBXBuildFile; fileRef = 4A96DD7E28C37D5000DB268B /* DrawViewModel.swift */; };
		4A96DD8228C3E3EB00DB268B /* DanteViewModel.swift in Sources */ = {isa = PBXBuildFile; fileRef = 4A96DD8128C3E3EB00DB268B /* DanteViewModel.swift */; };
		4A96DD8528C3F0CB00DB268B /* PostcardsViewModel.swift in Sources */ = {isa = PBXBuildFile; fileRef = 4A96DD8428C3F0CB00DB268B /* PostcardsViewModel.swift */; };
		4A9C593B2940A79A005E5C98 /* RswiftLibrary in Frameworks */ = {isa = PBXBuildFile; productRef = 4A9C593A2940A79A005E5C98 /* RswiftLibrary */; };
		4ADC98AD28C406BF008887BA /* Converter.swift in Sources */ = {isa = PBXBuildFile; fileRef = 4ADC98AC28C406BF008887BA /* Converter.swift */; };
		4ADC98B028C4087D008887BA /* Files.swift in Sources */ = {isa = PBXBuildFile; fileRef = 4ADC98AF28C4087D008887BA /* Files.swift */; };
		4ADC98B228C40DC6008887BA /* page-1.txt in Resources */ = {isa = PBXBuildFile; fileRef = 4ADC98B128C40DC6008887BA /* page-1.txt */; };
		4ADC98B428C40F32008887BA /* page-2.txt in Resources */ = {isa = PBXBuildFile; fileRef = 4ADC98B328C40F32008887BA /* page-2.txt */; };
		4ADC98B928C41606008887BA /* PostcardsDrawPreparation.swift in Sources */ = {isa = PBXBuildFile; fileRef = 4ADC98B828C41606008887BA /* PostcardsDrawPreparation.swift */; };
		4ADC98BB28C41677008887BA /* Postcards.swift in Sources */ = {isa = PBXBuildFile; fileRef = 4ADC98BA28C41677008887BA /* Postcards.swift */; };
		4ADC98C928C4A759008887BA /* page-15.txt in Resources */ = {isa = PBXBuildFile; fileRef = 4ADC98BC28C4A759008887BA /* page-15.txt */; };
		4ADC98CA28C4A759008887BA /* page-13.txt in Resources */ = {isa = PBXBuildFile; fileRef = 4ADC98BD28C4A759008887BA /* page-13.txt */; };
		4ADC98CB28C4A759008887BA /* page-9.txt in Resources */ = {isa = PBXBuildFile; fileRef = 4ADC98BE28C4A759008887BA /* page-9.txt */; };
		4ADC98CC28C4A759008887BA /* page-8.txt in Resources */ = {isa = PBXBuildFile; fileRef = 4ADC98BF28C4A759008887BA /* page-8.txt */; };
		4ADC98CD28C4A759008887BA /* page-14.txt in Resources */ = {isa = PBXBuildFile; fileRef = 4ADC98C028C4A759008887BA /* page-14.txt */; };
		4ADC98CE28C4A759008887BA /* page-12.txt in Resources */ = {isa = PBXBuildFile; fileRef = 4ADC98C128C4A759008887BA /* page-12.txt */; };
		4ADC98CF28C4A759008887BA /* page-10.txt in Resources */ = {isa = PBXBuildFile; fileRef = 4ADC98C228C4A759008887BA /* page-10.txt */; };
		4ADC98D028C4A759008887BA /* page-11.txt in Resources */ = {isa = PBXBuildFile; fileRef = 4ADC98C328C4A759008887BA /* page-11.txt */; };
		4ADC98D128C4A759008887BA /* page-6.txt in Resources */ = {isa = PBXBuildFile; fileRef = 4ADC98C428C4A759008887BA /* page-6.txt */; };
		4ADC98D228C4A759008887BA /* page-4.txt in Resources */ = {isa = PBXBuildFile; fileRef = 4ADC98C528C4A759008887BA /* page-4.txt */; };
		4ADC98D328C4A759008887BA /* page-7.txt in Resources */ = {isa = PBXBuildFile; fileRef = 4ADC98C628C4A759008887BA /* page-7.txt */; };
		4ADC98D428C4A759008887BA /* page-5.txt in Resources */ = {isa = PBXBuildFile; fileRef = 4ADC98C728C4A759008887BA /* page-5.txt */; };
		4ADC98D528C4A759008887BA /* page-3.txt in Resources */ = {isa = PBXBuildFile; fileRef = 4ADC98C828C4A759008887BA /* page-3.txt */; };
		4AFC25F22C19EDA0005DD5AB /* ShazamHashGenerator.swift in Sources */ = {isa = PBXBuildFile; fileRef = 4AFC25F12C19EDA0005DD5AB /* ShazamHashGenerator.swift */; };
		4AFC25F62C1A00AE005DD5AB /* ComplexModule in Frameworks */ = {isa = PBXBuildFile; productRef = 4AFC25F52C1A00AE005DD5AB /* ComplexModule */; };
/* End PBXBuildFile section */

/* Begin PBXFileReference section */
		2F103CCE26ED720700BF9F20 /* divina_commedia.json */ = {isa = PBXFileReference; fileEncoding = 4; lastKnownFileType = text.json; path = divina_commedia.json; sourceTree = "<group>"; };
		2F103CD126ED725100BF9F20 /* CreditsTableViewController.swift */ = {isa = PBXFileReference; lastKnownFileType = sourcecode.swift; path = CreditsTableViewController.swift; sourceTree = "<group>"; };
		2F53A7D126E78B0500559655 /* SpectrogramViewController.swift */ = {isa = PBXFileReference; lastKnownFileType = sourcecode.swift; path = SpectrogramViewController.swift; sourceTree = "<group>"; };
		2F53A7D326E7D9CE00559655 /* AudioSpectrogram.swift */ = {isa = PBXFileReference; lastKnownFileType = sourcecode.swift; path = AudioSpectrogram.swift; sourceTree = "<group>"; };
		2F53A7D526E7DA5900559655 /* AudioSpectrogram+AVCaptureAudioDataOutputSampleBufferDelegate.swift */ = {isa = PBXFileReference; lastKnownFileType = sourcecode.swift; path = "AudioSpectrogram+AVCaptureAudioDataOutputSampleBufferDelegate.swift"; sourceTree = "<group>"; };
		2F53A7DB26E959E500559655 /* Calculator.swift */ = {isa = PBXFileReference; lastKnownFileType = sourcecode.swift; path = Calculator.swift; sourceTree = "<group>"; };
		2F53A7DF26E9687700559655 /* HTML.swift */ = {isa = PBXFileReference; lastKnownFileType = sourcecode.swift; path = HTML.swift; sourceTree = "<group>"; };
		2F53A7E226EAA3C500559655 /* CommediaDrawPreparation.swift */ = {isa = PBXFileReference; lastKnownFileType = sourcecode.swift; path = CommediaDrawPreparation.swift; sourceTree = "<group>"; };
		2F53A7E426EAA41600559655 /* Cantica.swift */ = {isa = PBXFileReference; lastKnownFileType = sourcecode.swift; path = Cantica.swift; sourceTree = "<group>"; };
		2F53A7E626EAA65E00559655 /* DrawViewController.swift */ = {isa = PBXFileReference; lastKnownFileType = sourcecode.swift; path = DrawViewController.swift; sourceTree = "<group>"; };
		2F99EDC226E6C31700F1DBAF /* Re_Spira.app */ = {isa = PBXFileReference; explicitFileType = wrapper.application; includeInIndex = 0; path = Re_Spira.app; sourceTree = BUILT_PRODUCTS_DIR; };
		2F99EDC526E6C31700F1DBAF /* AppDelegate.swift */ = {isa = PBXFileReference; lastKnownFileType = sourcecode.swift; path = AppDelegate.swift; sourceTree = "<group>"; };
		2F99EDC726E6C31700F1DBAF /* SceneDelegate.swift */ = {isa = PBXFileReference; lastKnownFileType = sourcecode.swift; path = SceneDelegate.swift; sourceTree = "<group>"; };
		2F99EDC926E6C31700F1DBAF /* StartViewController.swift */ = {isa = PBXFileReference; lastKnownFileType = sourcecode.swift; path = StartViewController.swift; sourceTree = "<group>"; };
		2F99EDCC26E6C31700F1DBAF /* Base */ = {isa = PBXFileReference; lastKnownFileType = file.storyboard; name = Base; path = Base.lproj/Main.storyboard; sourceTree = "<group>"; };
		2F99EDCE26E6C31800F1DBAF /* Assets.xcassets */ = {isa = PBXFileReference; lastKnownFileType = folder.assetcatalog; path = Assets.xcassets; sourceTree = "<group>"; };
		2F99EDD126E6C31800F1DBAF /* Base */ = {isa = PBXFileReference; lastKnownFileType = file.storyboard; name = Base; path = Base.lproj/LaunchScreen.storyboard; sourceTree = "<group>"; };
		2F99EDD326E6C31800F1DBAF /* Info.plist */ = {isa = PBXFileReference; lastKnownFileType = text.plist.xml; path = Info.plist; sourceTree = "<group>"; };
		2FA5A06326ED740100579588 /* Commedia.swift */ = {isa = PBXFileReference; lastKnownFileType = sourcecode.swift; path = Commedia.swift; sourceTree = "<group>"; };
		4A195E0828D52A0500FF2BA7 /* Visual_6.png */ = {isa = PBXFileReference; lastKnownFileType = image.png; path = Visual_6.png; sourceTree = "<group>"; };
		4A3E0B6C28C7E33000AA03BB /* Spectrogram.swift */ = {isa = PBXFileReference; lastKnownFileType = sourcecode.swift; path = Spectrogram.swift; sourceTree = "<group>"; };
		4A3E0B6E28C7E7CE00AA03BB /* Visual_2.png */ = {isa = PBXFileReference; lastKnownFileType = image.png; path = Visual_2.png; sourceTree = "<group>"; };
		4A3E0B6F28C7E7CE00AA03BB /* Visual_3.png */ = {isa = PBXFileReference; lastKnownFileType = image.png; path = Visual_3.png; sourceTree = "<group>"; };
		4A3E0B7028C7E7CE00AA03BB /* Visual_1.png */ = {isa = PBXFileReference; lastKnownFileType = image.png; path = Visual_1.png; sourceTree = "<group>"; };
		4A49201B28D3D39300DB4EFF /* Visual_13.png */ = {isa = PBXFileReference; lastKnownFileType = image.png; path = Visual_13.png; sourceTree = "<group>"; };
		4A534F1928D5306B00256EF7 /* Visual_15.png */ = {isa = PBXFileReference; lastKnownFileType = image.png; path = Visual_15.png; sourceTree = "<group>"; };
		4A564E5B28CE5830009EDB5E /* it */ = {isa = PBXFileReference; lastKnownFileType = text.plist.strings; name = it; path = it.lproj/Main.strings; sourceTree = "<group>"; };
		4A564E5C28CE5830009EDB5E /* it */ = {isa = PBXFileReference; lastKnownFileType = text.plist.strings; name = it; path = it.lproj/LaunchScreen.strings; sourceTree = "<group>"; };
		4A564E5E28CE5A35009EDB5E /* en */ = {isa = PBXFileReference; lastKnownFileType = text.plist.strings; name = en; path = en.lproj/Localizable.strings; sourceTree = "<group>"; };
		4A564E6028CE5A3C009EDB5E /* it */ = {isa = PBXFileReference; lastKnownFileType = text.plist.strings; name = it; path = it.lproj/Localizable.strings; sourceTree = "<group>"; };
		4A564E6428CE5F26009EDB5E /* en */ = {isa = PBXFileReference; lastKnownFileType = text.plist.strings; name = en; path = en.lproj/InfoPlist.strings; sourceTree = "<group>"; };
		4A564E6628CE5F29009EDB5E /* it */ = {isa = PBXFileReference; lastKnownFileType = text.plist.strings; name = it; path = it.lproj/InfoPlist.strings; sourceTree = "<group>"; };
		4A564E6728CE9606009EDB5E /* Visual_7.png */ = {isa = PBXFileReference; lastKnownFileType = image.png; path = Visual_7.png; sourceTree = "<group>"; };
		4A564E6828CE9606009EDB5E /* Visual_4.png */ = {isa = PBXFileReference; lastKnownFileType = image.png; path = Visual_4.png; sourceTree = "<group>"; };
		4A564E6B28CE9CD8009EDB5E /* Visual_5.png */ = {isa = PBXFileReference; lastKnownFileType = image.png; path = Visual_5.png; sourceTree = "<group>"; };
		4A5B9BD728D1179A00778782 /* Visual_9.png */ = {isa = PBXFileReference; lastKnownFileType = image.png; path = Visual_9.png; sourceTree = "<group>"; };
		4A5B9BD928D121F900778782 /* Visual_8.png */ = {isa = PBXFileReference; lastKnownFileType = image.png; path = Visual_8.png; sourceTree = "<group>"; };
		4A5B9BDB28D1271300778782 /* Visual_10.png */ = {isa = PBXFileReference; lastKnownFileType = image.png; path = Visual_10.png; sourceTree = "<group>"; };
		4A5B9BE328D2767100778782 /* Visual_14.png */ = {isa = PBXFileReference; lastKnownFileType = image.png; path = Visual_14.png; sourceTree = "<group>"; };
		4A5B9BE428D2767100778782 /* Visual_11.png */ = {isa = PBXFileReference; lastKnownFileType = image.png; path = Visual_11.png; sourceTree = "<group>"; };
		4A5B9BE728D285E900778782 /* Visual_12.png */ = {isa = PBXFileReference; lastKnownFileType = image.png; path = Visual_12.png; sourceTree = "<group>"; };
		4A96DD5B28C00B2F00DB268B /* SourceType.swift */ = {isa = PBXFileReference; lastKnownFileType = sourcecode.swift; path = SourceType.swift; sourceTree = "<group>"; };
		4A96DD7C28C379BA00DB268B /* CreditsViewModel.swift */ = {isa = PBXFileReference; lastKnownFileType = sourcecode.swift; path = CreditsViewModel.swift; sourceTree = "<group>"; };
		4A96DD7E28C37D5000DB268B /* DrawViewModel.swift */ = {isa = PBXFileReference; lastKnownFileType = sourcecode.swift; path = DrawViewModel.swift; sourceTree = "<group>"; };
		4A96DD8128C3E3EB00DB268B /* DanteViewModel.swift */ = {isa = PBXFileReference; lastKnownFileType = sourcecode.swift; path = DanteViewModel.swift; sourceTree = "<group>"; };
		4A96DD8428C3F0CB00DB268B /* PostcardsViewModel.swift */ = {isa = PBXFileReference; lastKnownFileType = sourcecode.swift; path = PostcardsViewModel.swift; sourceTree = "<group>"; };
		4ADC98AC28C406BF008887BA /* Converter.swift */ = {isa = PBXFileReference; lastKnownFileType = sourcecode.swift; path = Converter.swift; sourceTree = "<group>"; };
		4ADC98AF28C4087D008887BA /* Files.swift */ = {isa = PBXFileReference; lastKnownFileType = sourcecode.swift; path = Files.swift; sourceTree = "<group>"; };
		4ADC98B128C40DC6008887BA /* page-1.txt */ = {isa = PBXFileReference; fileEncoding = 4; lastKnownFileType = text; path = "page-1.txt"; sourceTree = "<group>"; };
		4ADC98B328C40F32008887BA /* page-2.txt */ = {isa = PBXFileReference; fileEncoding = 4; lastKnownFileType = text; path = "page-2.txt"; sourceTree = "<group>"; };
		4ADC98B828C41606008887BA /* PostcardsDrawPreparation.swift */ = {isa = PBXFileReference; lastKnownFileType = sourcecode.swift; path = PostcardsDrawPreparation.swift; sourceTree = "<group>"; };
		4ADC98BA28C41677008887BA /* Postcards.swift */ = {isa = PBXFileReference; lastKnownFileType = sourcecode.swift; path = Postcards.swift; sourceTree = "<group>"; };
		4ADC98BC28C4A759008887BA /* page-15.txt */ = {isa = PBXFileReference; fileEncoding = 4; lastKnownFileType = text; path = "page-15.txt"; sourceTree = "<group>"; };
		4ADC98BD28C4A759008887BA /* page-13.txt */ = {isa = PBXFileReference; fileEncoding = 4; lastKnownFileType = text; path = "page-13.txt"; sourceTree = "<group>"; };
		4ADC98BE28C4A759008887BA /* page-9.txt */ = {isa = PBXFileReference; fileEncoding = 4; lastKnownFileType = text; path = "page-9.txt"; sourceTree = "<group>"; };
		4ADC98BF28C4A759008887BA /* page-8.txt */ = {isa = PBXFileReference; fileEncoding = 4; lastKnownFileType = text; path = "page-8.txt"; sourceTree = "<group>"; };
		4ADC98C028C4A759008887BA /* page-14.txt */ = {isa = PBXFileReference; fileEncoding = 4; lastKnownFileType = text; path = "page-14.txt"; sourceTree = "<group>"; };
		4ADC98C128C4A759008887BA /* page-12.txt */ = {isa = PBXFileReference; fileEncoding = 4; lastKnownFileType = text; path = "page-12.txt"; sourceTree = "<group>"; };
		4ADC98C228C4A759008887BA /* page-10.txt */ = {isa = PBXFileReference; fileEncoding = 4; lastKnownFileType = text; path = "page-10.txt"; sourceTree = "<group>"; };
		4ADC98C328C4A759008887BA /* page-11.txt */ = {isa = PBXFileReference; fileEncoding = 4; lastKnownFileType = text; path = "page-11.txt"; sourceTree = "<group>"; };
		4ADC98C428C4A759008887BA /* page-6.txt */ = {isa = PBXFileReference; fileEncoding = 4; lastKnownFileType = text; path = "page-6.txt"; sourceTree = "<group>"; };
		4ADC98C528C4A759008887BA /* page-4.txt */ = {isa = PBXFileReference; fileEncoding = 4; lastKnownFileType = text; path = "page-4.txt"; sourceTree = "<group>"; };
		4ADC98C628C4A759008887BA /* page-7.txt */ = {isa = PBXFileReference; fileEncoding = 4; lastKnownFileType = text; path = "page-7.txt"; sourceTree = "<group>"; };
		4ADC98C728C4A759008887BA /* page-5.txt */ = {isa = PBXFileReference; fileEncoding = 4; lastKnownFileType = text; path = "page-5.txt"; sourceTree = "<group>"; };
		4ADC98C828C4A759008887BA /* page-3.txt */ = {isa = PBXFileReference; fileEncoding = 4; lastKnownFileType = text; path = "page-3.txt"; sourceTree = "<group>"; };
		4AFC25F12C19EDA0005DD5AB /* ShazamHashGenerator.swift */ = {isa = PBXFileReference; lastKnownFileType = sourcecode.swift; path = ShazamHashGenerator.swift; sourceTree = "<group>"; };
/* End PBXFileReference section */

/* Begin PBXFrameworksBuildPhase section */
		2F99EDBF26E6C31700F1DBAF /* Frameworks */ = {
			isa = PBXFrameworksBuildPhase;
			buildActionMask = 2147483647;
			files = (
				4AFC25F62C1A00AE005DD5AB /* ComplexModule in Frameworks */,
				2FD1651828BD4F7600438BF5 /* BBToast in Frameworks */,
				4A9C593B2940A79A005E5C98 /* RswiftLibrary in Frameworks */,
				2FA98ABE26ED54B300DE4681 /* KDTree in Frameworks */,
				2FD14C5D26ED94EC0092CC69 /* SwiftSoup in Frameworks */,
			);
			runOnlyForDeploymentPostprocessing = 0;
		};
/* End PBXFrameworksBuildPhase section */

/* Begin PBXGroup section */
		2F103CD026ED723600BF9F20 /* Credits */ = {
			isa = PBXGroup;
			children = (
				2F103CD126ED725100BF9F20 /* CreditsTableViewController.swift */,
				4A96DD7C28C379BA00DB268B /* CreditsViewModel.swift */,
			);
			path = Credits;
			sourceTree = "<group>";
		};
		2F103CD326ED72C000BF9F20 /* Dante */ = {
			isa = PBXGroup;
			children = (
				2F53A7DA26E9597800559655 /* Drawing */,
				2F103CCE26ED720700BF9F20 /* divina_commedia.json */,
				2FA5A06326ED740100579588 /* Commedia.swift */,
				2F53A7E426EAA41600559655 /* Cantica.swift */,
				4A96DD8128C3E3EB00DB268B /* DanteViewModel.swift */,
			);
			path = Dante;
			sourceTree = "<group>";
		};
		2F53A7D926E9581F00559655 /* Spectogram */ = {
			isa = PBXGroup;
			children = (
				2F53A7D126E78B0500559655 /* SpectrogramViewController.swift */,
				2F53A7D326E7D9CE00559655 /* AudioSpectrogram.swift */,
				2F53A7D526E7DA5900559655 /* AudioSpectrogram+AVCaptureAudioDataOutputSampleBufferDelegate.swift */,
				4A3E0B6C28C7E33000AA03BB /* Spectrogram.swift */,
			);
			path = Spectogram;
			sourceTree = "<group>";
		};
		2F53A7DA26E9597800559655 /* Drawing */ = {
			isa = PBXGroup;
			children = (
				2F53A7DF26E9687700559655 /* HTML.swift */,
				2F53A7E226EAA3C500559655 /* CommediaDrawPreparation.swift */,
			);
			path = Drawing;
			sourceTree = "<group>";
		};
		2F99EDB926E6C31700F1DBAF = {
			isa = PBXGroup;
			children = (
				2F99EDC426E6C31700F1DBAF /* ParoleFuoriDalComune */,
				2F99EDC326E6C31700F1DBAF /* Products */,
			);
			sourceTree = "<group>";
		};
		2F99EDC326E6C31700F1DBAF /* Products */ = {
			isa = PBXGroup;
			children = (
				2F99EDC226E6C31700F1DBAF /* Re_Spira.app */,
			);
			name = Products;
			sourceTree = "<group>";
		};
		2F99EDC426E6C31700F1DBAF /* ParoleFuoriDalComune */ = {
			isa = PBXGroup;
			children = (
				2F99EDD326E6C31800F1DBAF /* Info.plist */,
				2F99EDC526E6C31700F1DBAF /* AppDelegate.swift */,
				2F99EDC726E6C31700F1DBAF /* SceneDelegate.swift */,
				4A96DD5B28C00B2F00DB268B /* SourceType.swift */,
				2F99EDC926E6C31700F1DBAF /* StartViewController.swift */,
				2F99EDCE26E6C31800F1DBAF /* Assets.xcassets */,
				2F103CD026ED723600BF9F20 /* Credits */,
				2F103CD326ED72C000BF9F20 /* Dante */,
				4A96DD8028C3E0B200DB268B /* Draw */,
				4A564E6528CE5F26009EDB5E /* InfoPlist.strings */,
				2F99EDD026E6C31800F1DBAF /* LaunchScreen.storyboard */,
				4A564E5F28CE5A35009EDB5E /* Localizable.strings */,
				2F99EDCB26E6C31700F1DBAF /* Main.storyboard */,
				4A96DD5D28C3746500DB268B /* Postcards */,
				4AFC25F02C19ED1C005DD5AB /* Shazam */,
				2F53A7D926E9581F00559655 /* Spectogram */,
				4A96DD8628C3F39200DB268B /* Tools */,
			);
			path = ParoleFuoriDalComune;
			sourceTree = "<group>";
		};
		4A96DD5D28C3746500DB268B /* Postcards */ = {
			isa = PBXGroup;
			children = (
				4ADC98B528C41116008887BA /* Visual Files */,
				4ADC98AE28C40851008887BA /* Drawing */,
				4A96DD8328C3ECC900DB268B /* Poems Files */,
				4A96DD8428C3F0CB00DB268B /* PostcardsViewModel.swift */,
				4ADC98BA28C41677008887BA /* Postcards.swift */,
			);
			path = Postcards;
			sourceTree = "<group>";
		};
		4A96DD8028C3E0B200DB268B /* Draw */ = {
			isa = PBXGroup;
			children = (
				2F53A7E626EAA65E00559655 /* DrawViewController.swift */,
				4A96DD7E28C37D5000DB268B /* DrawViewModel.swift */,
			);
			path = Draw;
			sourceTree = "<group>";
		};
		4A96DD8328C3ECC900DB268B /* Poems Files */ = {
			isa = PBXGroup;
			children = (
				4ADC98C828C4A759008887BA /* page-3.txt */,
				4ADC98C528C4A759008887BA /* page-4.txt */,
				4ADC98C728C4A759008887BA /* page-5.txt */,
				4ADC98C428C4A759008887BA /* page-6.txt */,
				4ADC98C628C4A759008887BA /* page-7.txt */,
				4ADC98BF28C4A759008887BA /* page-8.txt */,
				4ADC98BE28C4A759008887BA /* page-9.txt */,
				4ADC98C228C4A759008887BA /* page-10.txt */,
				4ADC98C328C4A759008887BA /* page-11.txt */,
				4ADC98C128C4A759008887BA /* page-12.txt */,
				4ADC98BD28C4A759008887BA /* page-13.txt */,
				4ADC98C028C4A759008887BA /* page-14.txt */,
				4ADC98BC28C4A759008887BA /* page-15.txt */,
				4ADC98B328C40F32008887BA /* page-2.txt */,
				4ADC98B128C40DC6008887BA /* page-1.txt */,
			);
			path = "Poems Files";
			sourceTree = "<group>";
		};
		4A96DD8628C3F39200DB268B /* Tools */ = {
			isa = PBXGroup;
			children = (
				2F53A7DB26E959E500559655 /* Calculator.swift */,
				4ADC98AC28C406BF008887BA /* Converter.swift */,
			);
			path = Tools;
			sourceTree = "<group>";
		};
		4ADC98AE28C40851008887BA /* Drawing */ = {
			isa = PBXGroup;
			children = (
				4ADC98AF28C4087D008887BA /* Files.swift */,
				4ADC98B828C41606008887BA /* PostcardsDrawPreparation.swift */,
			);
			path = Drawing;
			sourceTree = "<group>";
		};
		4ADC98B528C41116008887BA /* Visual Files */ = {
			isa = PBXGroup;
			children = (
				4A3E0B7028C7E7CE00AA03BB /* Visual_1.png */,
				4A3E0B6E28C7E7CE00AA03BB /* Visual_2.png */,
				4A3E0B6F28C7E7CE00AA03BB /* Visual_3.png */,
				4A564E6828CE9606009EDB5E /* Visual_4.png */,
				4A564E6B28CE9CD8009EDB5E /* Visual_5.png */,
				4A195E0828D52A0500FF2BA7 /* Visual_6.png */,
				4A564E6728CE9606009EDB5E /* Visual_7.png */,
				4A5B9BD928D121F900778782 /* Visual_8.png */,
				4A5B9BD728D1179A00778782 /* Visual_9.png */,
				4A5B9BDB28D1271300778782 /* Visual_10.png */,
				4A5B9BE428D2767100778782 /* Visual_11.png */,
				4A5B9BE728D285E900778782 /* Visual_12.png */,
				4A49201B28D3D39300DB4EFF /* Visual_13.png */,
				4A5B9BE328D2767100778782 /* Visual_14.png */,
				4A534F1928D5306B00256EF7 /* Visual_15.png */,
			);
			path = "Visual Files";
			sourceTree = "<group>";
		};
		4AFC25F02C19ED1C005DD5AB /* Shazam */ = {
			isa = PBXGroup;
			children = (
				4AFC25F12C19EDA0005DD5AB /* ShazamHashGenerator.swift */,
			);
			path = Shazam;
			sourceTree = "<group>";
		};
/* End PBXGroup section */

/* Begin PBXNativeTarget section */
		2F99EDC126E6C31700F1DBAF /* ParoleFuoriDalComune */ = {
			isa = PBXNativeTarget;
			buildConfigurationList = 2F99EDD626E6C31800F1DBAF /* Build configuration list for PBXNativeTarget "ParoleFuoriDalComune" */;
			buildPhases = (
				2F99EDBE26E6C31700F1DBAF /* Sources */,
				2F99EDBF26E6C31700F1DBAF /* Frameworks */,
				2F99EDC026E6C31700F1DBAF /* Resources */,
			);
			buildRules = (
			);
			dependencies = (
				4A9C593D2940A7C6005E5C98 /* PBXTargetDependency */,
			);
			name = ParoleFuoriDalComune;
			packageProductDependencies = (
				2FA98ABD26ED54B300DE4681 /* KDTree */,
				2FD14C5C26ED94EC0092CC69 /* SwiftSoup */,
				2FD1651728BD4F7600438BF5 /* BBToast */,
				4A9C593A2940A79A005E5C98 /* RswiftLibrary */,
				4AFC25F52C1A00AE005DD5AB /* ComplexModule */,
			);
			productName = ParoleFuoriDalComune;
			productReference = 2F99EDC226E6C31700F1DBAF /* Re_Spira.app */;
			productType = "com.apple.product-type.application";
		};
/* End PBXNativeTarget section */

/* Begin PBXProject section */
		2F99EDBA26E6C31700F1DBAF /* Project object */ = {
			isa = PBXProject;
			attributes = {
				LastSwiftUpdateCheck = 1250;
				LastUpgradeCheck = 1250;
				TargetAttributes = {
					2F99EDC126E6C31700F1DBAF = {
						CreatedOnToolsVersion = 12.5.1;
					};
				};
			};
			buildConfigurationList = 2F99EDBD26E6C31700F1DBAF /* Build configuration list for PBXProject "ParoleFuoriDalComune" */;
			compatibilityVersion = "Xcode 9.3";
			developmentRegion = en;
			hasScannedForEncodings = 0;
			knownRegions = (
				en,
				Base,
				it,
			);
			mainGroup = 2F99EDB926E6C31700F1DBAF;
			packageReferences = (
				2FA98ABC26ED54B300DE4681 /* XCRemoteSwiftPackageReference "KDTree" */,
				2FD14C5B26ED94EC0092CC69 /* XCRemoteSwiftPackageReference "SwiftSoup" */,
				2FD1651628BD4F7600438BF5 /* XCRemoteSwiftPackageReference "BBToast" */,
				4A9C59392940A79A005E5C98 /* XCRemoteSwiftPackageReference "R" */,
				4AFC25F42C1A00AE005DD5AB /* XCRemoteSwiftPackageReference "swift-numerics" */,
			);
			productRefGroup = 2F99EDC326E6C31700F1DBAF /* Products */;
			projectDirPath = "";
			projectRoot = "";
			targets = (
				2F99EDC126E6C31700F1DBAF /* ParoleFuoriDalComune */,
			);
		};
/* End PBXProject section */

/* Begin PBXResourcesBuildPhase section */
		2F99EDC026E6C31700F1DBAF /* Resources */ = {
			isa = PBXResourcesBuildPhase;
			buildActionMask = 2147483647;
			files = (
				4A534F1A28D5306B00256EF7 /* Visual_15.png in Resources */,
				4A5B9BE828D285E900778782 /* Visual_12.png in Resources */,
				4ADC98CE28C4A759008887BA /* page-12.txt in Resources */,
				4ADC98CD28C4A759008887BA /* page-14.txt in Resources */,
				4A5B9BE628D2767100778782 /* Visual_11.png in Resources */,
				4ADC98B428C40F32008887BA /* page-2.txt in Resources */,
				4A564E5D28CE5A35009EDB5E /* Localizable.strings in Resources */,
				4ADC98D528C4A759008887BA /* page-3.txt in Resources */,
				4ADC98CC28C4A759008887BA /* page-8.txt in Resources */,
				4ADC98D028C4A759008887BA /* page-11.txt in Resources */,
				4ADC98C928C4A759008887BA /* page-15.txt in Resources */,
				4A5B9BDA28D121F900778782 /* Visual_8.png in Resources */,
				4ADC98D128C4A759008887BA /* page-6.txt in Resources */,
				4A3E0B7128C7E7CE00AA03BB /* Visual_2.png in Resources */,
				4A3E0B7328C7E7CE00AA03BB /* Visual_1.png in Resources */,
				2F99EDD226E6C31800F1DBAF /* LaunchScreen.storyboard in Resources */,
				4ADC98CF28C4A759008887BA /* page-10.txt in Resources */,
				4A3E0B7228C7E7CE00AA03BB /* Visual_3.png in Resources */,
				4A564E6C28CE9CD8009EDB5E /* Visual_5.png in Resources */,
				4ADC98CA28C4A759008887BA /* page-13.txt in Resources */,
				4ADC98D328C4A759008887BA /* page-7.txt in Resources */,
				4A5B9BD828D1179A00778782 /* Visual_9.png in Resources */,
				4A49201C28D3D39300DB4EFF /* Visual_13.png in Resources */,
				4ADC98D228C4A759008887BA /* page-4.txt in Resources */,
				2F103CCF26ED720700BF9F20 /* divina_commedia.json in Resources */,
				4A564E6928CE9606009EDB5E /* Visual_7.png in Resources */,
				4A5B9BDC28D1271300778782 /* Visual_10.png in Resources */,
				4A5B9BE528D2767100778782 /* Visual_14.png in Resources */,
				4A564E6328CE5F26009EDB5E /* InfoPlist.strings in Resources */,
				4ADC98D428C4A759008887BA /* page-5.txt in Resources */,
				2F99EDCF26E6C31800F1DBAF /* Assets.xcassets in Resources */,
				4A564E6A28CE9606009EDB5E /* Visual_4.png in Resources */,
				4A195E0928D52A0500FF2BA7 /* Visual_6.png in Resources */,
				4ADC98B228C40DC6008887BA /* page-1.txt in Resources */,
				4ADC98CB28C4A759008887BA /* page-9.txt in Resources */,
				2F99EDCD26E6C31700F1DBAF /* Main.storyboard in Resources */,
			);
			runOnlyForDeploymentPostprocessing = 0;
		};
/* End PBXResourcesBuildPhase section */

/* Begin PBXSourcesBuildPhase section */
		2F99EDBE26E6C31700F1DBAF /* Sources */ = {
			isa = PBXSourcesBuildPhase;
			buildActionMask = 2147483647;
			files = (
				4A3E0B6D28C7E33000AA03BB /* Spectrogram.swift in Sources */,
				4A96DD7F28C37D5000DB268B /* DrawViewModel.swift in Sources */,
				2F103CD226ED725100BF9F20 /* CreditsTableViewController.swift in Sources */,
				4ADC98B028C4087D008887BA /* Files.swift in Sources */,
				2F99EDCA26E6C31700F1DBAF /* StartViewController.swift in Sources */,
				2F53A7E726EAA65E00559655 /* DrawViewController.swift in Sources */,
				2F53A7D626E7DA5900559655 /* AudioSpectrogram+AVCaptureAudioDataOutputSampleBufferDelegate.swift in Sources */,
				4A96DD8528C3F0CB00DB268B /* PostcardsViewModel.swift in Sources */,
				2F53A7E026E9687700559655 /* HTML.swift in Sources */,
				2F53A7E326EAA3C500559655 /* CommediaDrawPreparation.swift in Sources */,
				2FA5A06426ED740100579588 /* Commedia.swift in Sources */,
				4AFC25F22C19EDA0005DD5AB /* ShazamHashGenerator.swift in Sources */,
				4A96DD8228C3E3EB00DB268B /* DanteViewModel.swift in Sources */,
				2F53A7DC26E959E500559655 /* Calculator.swift in Sources */,
				2F53A7D426E7D9CE00559655 /* AudioSpectrogram.swift in Sources */,
				2F53A7D226E78B0500559655 /* SpectrogramViewController.swift in Sources */,
				4ADC98AD28C406BF008887BA /* Converter.swift in Sources */,
				4A96DD7D28C379BA00DB268B /* CreditsViewModel.swift in Sources */,
				4ADC98BB28C41677008887BA /* Postcards.swift in Sources */,
				4A96DD5C28C00B2F00DB268B /* SourceType.swift in Sources */,
				2F53A7E526EAA41600559655 /* Cantica.swift in Sources */,
				4ADC98B928C41606008887BA /* PostcardsDrawPreparation.swift in Sources */,
				2F99EDC626E6C31700F1DBAF /* AppDelegate.swift in Sources */,
				2F99EDC826E6C31700F1DBAF /* SceneDelegate.swift in Sources */,
			);
			runOnlyForDeploymentPostprocessing = 0;
		};
/* End PBXSourcesBuildPhase section */

/* Begin PBXTargetDependency section */
		4A9C593D2940A7C6005E5C98 /* PBXTargetDependency */ = {
			isa = PBXTargetDependency;
			productRef = 4A9C593C2940A7C6005E5C98 /* RswiftGenerateInternalResources */;
		};
/* End PBXTargetDependency section */

/* Begin PBXVariantGroup section */
		2F99EDCB26E6C31700F1DBAF /* Main.storyboard */ = {
			isa = PBXVariantGroup;
			children = (
				2F99EDCC26E6C31700F1DBAF /* Base */,
				4A564E5B28CE5830009EDB5E /* it */,
			);
			name = Main.storyboard;
			sourceTree = "<group>";
		};
		2F99EDD026E6C31800F1DBAF /* LaunchScreen.storyboard */ = {
			isa = PBXVariantGroup;
			children = (
				2F99EDD126E6C31800F1DBAF /* Base */,
				4A564E5C28CE5830009EDB5E /* it */,
			);
			name = LaunchScreen.storyboard;
			sourceTree = "<group>";
		};
		4A564E5F28CE5A35009EDB5E /* Localizable.strings */ = {
			isa = PBXVariantGroup;
			children = (
				4A564E5E28CE5A35009EDB5E /* en */,
				4A564E6028CE5A3C009EDB5E /* it */,
			);
			name = Localizable.strings;
			sourceTree = "<group>";
		};
		4A564E6528CE5F26009EDB5E /* InfoPlist.strings */ = {
			isa = PBXVariantGroup;
			children = (
				4A564E6428CE5F26009EDB5E /* en */,
				4A564E6628CE5F29009EDB5E /* it */,
			);
			name = InfoPlist.strings;
			sourceTree = "<group>";
		};
/* End PBXVariantGroup section */

/* Begin XCBuildConfiguration section */
		2F99EDD426E6C31800F1DBAF /* Debug */ = {
			isa = XCBuildConfiguration;
			buildSettings = {
				ALWAYS_SEARCH_USER_PATHS = NO;
				CLANG_ANALYZER_LOCALIZABILITY_NONLOCALIZED = YES;
				CLANG_ANALYZER_NONNULL = YES;
				CLANG_ANALYZER_NUMBER_OBJECT_CONVERSION = YES_AGGRESSIVE;
				CLANG_CXX_LANGUAGE_STANDARD = "gnu++14";
				CLANG_CXX_LIBRARY = "libc++";
				CLANG_ENABLE_MODULES = YES;
				CLANG_ENABLE_OBJC_ARC = YES;
				CLANG_ENABLE_OBJC_WEAK = YES;
				CLANG_WARN_BLOCK_CAPTURE_AUTORELEASING = YES;
				CLANG_WARN_BOOL_CONVERSION = YES;
				CLANG_WARN_COMMA = YES;
				CLANG_WARN_CONSTANT_CONVERSION = YES;
				CLANG_WARN_DEPRECATED_OBJC_IMPLEMENTATIONS = YES;
				CLANG_WARN_DIRECT_OBJC_ISA_USAGE = YES_ERROR;
				CLANG_WARN_DOCUMENTATION_COMMENTS = YES;
				CLANG_WARN_EMPTY_BODY = YES;
				CLANG_WARN_ENUM_CONVERSION = YES;
				CLANG_WARN_INFINITE_RECURSION = YES;
				CLANG_WARN_INT_CONVERSION = YES;
				CLANG_WARN_NON_LITERAL_NULL_CONVERSION = YES;
				CLANG_WARN_OBJC_IMPLICIT_RETAIN_SELF = YES;
				CLANG_WARN_OBJC_LITERAL_CONVERSION = YES;
				CLANG_WARN_OBJC_ROOT_CLASS = YES_ERROR;
				CLANG_WARN_QUOTED_INCLUDE_IN_FRAMEWORK_HEADER = YES;
				CLANG_WARN_RANGE_LOOP_ANALYSIS = YES;
				CLANG_WARN_STRICT_PROTOTYPES = YES;
				CLANG_WARN_SUSPICIOUS_MOVE = YES;
				CLANG_WARN_UNGUARDED_AVAILABILITY = YES_AGGRESSIVE;
				CLANG_WARN_UNREACHABLE_CODE = YES;
				CLANG_WARN__DUPLICATE_METHOD_MATCH = YES;
				COPY_PHASE_STRIP = NO;
				DEBUG_INFORMATION_FORMAT = dwarf;
				ENABLE_STRICT_OBJC_MSGSEND = YES;
				ENABLE_TESTABILITY = YES;
				GCC_C_LANGUAGE_STANDARD = gnu11;
				GCC_DYNAMIC_NO_PIC = NO;
				GCC_NO_COMMON_BLOCKS = YES;
				GCC_OPTIMIZATION_LEVEL = 0;
				GCC_PREPROCESSOR_DEFINITIONS = (
					"DEBUG=1",
					"$(inherited)",
				);
				GCC_WARN_64_TO_32_BIT_CONVERSION = YES;
				GCC_WARN_ABOUT_RETURN_TYPE = YES_ERROR;
				GCC_WARN_UNDECLARED_SELECTOR = YES;
				GCC_WARN_UNINITIALIZED_AUTOS = YES_AGGRESSIVE;
				GCC_WARN_UNUSED_FUNCTION = YES;
				GCC_WARN_UNUSED_VARIABLE = YES;
				IPHONEOS_DEPLOYMENT_TARGET = 14.0;
				MTL_ENABLE_DEBUG_INFO = INCLUDE_SOURCE;
				MTL_FAST_MATH = YES;
				ONLY_ACTIVE_ARCH = YES;
				SDKROOT = iphoneos;
				SWIFT_ACTIVE_COMPILATION_CONDITIONS = DEBUG;
				SWIFT_OPTIMIZATION_LEVEL = "-Onone";
			};
			name = Debug;
		};
		2F99EDD526E6C31800F1DBAF /* Release */ = {
			isa = XCBuildConfiguration;
			buildSettings = {
				ALWAYS_SEARCH_USER_PATHS = NO;
				CLANG_ANALYZER_LOCALIZABILITY_NONLOCALIZED = YES;
				CLANG_ANALYZER_NONNULL = YES;
				CLANG_ANALYZER_NUMBER_OBJECT_CONVERSION = YES_AGGRESSIVE;
				CLANG_CXX_LANGUAGE_STANDARD = "gnu++14";
				CLANG_CXX_LIBRARY = "libc++";
				CLANG_ENABLE_MODULES = YES;
				CLANG_ENABLE_OBJC_ARC = YES;
				CLANG_ENABLE_OBJC_WEAK = YES;
				CLANG_WARN_BLOCK_CAPTURE_AUTORELEASING = YES;
				CLANG_WARN_BOOL_CONVERSION = YES;
				CLANG_WARN_COMMA = YES;
				CLANG_WARN_CONSTANT_CONVERSION = YES;
				CLANG_WARN_DEPRECATED_OBJC_IMPLEMENTATIONS = YES;
				CLANG_WARN_DIRECT_OBJC_ISA_USAGE = YES_ERROR;
				CLANG_WARN_DOCUMENTATION_COMMENTS = YES;
				CLANG_WARN_EMPTY_BODY = YES;
				CLANG_WARN_ENUM_CONVERSION = YES;
				CLANG_WARN_INFINITE_RECURSION = YES;
				CLANG_WARN_INT_CONVERSION = YES;
				CLANG_WARN_NON_LITERAL_NULL_CONVERSION = YES;
				CLANG_WARN_OBJC_IMPLICIT_RETAIN_SELF = YES;
				CLANG_WARN_OBJC_LITERAL_CONVERSION = YES;
				CLANG_WARN_OBJC_ROOT_CLASS = YES_ERROR;
				CLANG_WARN_QUOTED_INCLUDE_IN_FRAMEWORK_HEADER = YES;
				CLANG_WARN_RANGE_LOOP_ANALYSIS = YES;
				CLANG_WARN_STRICT_PROTOTYPES = YES;
				CLANG_WARN_SUSPICIOUS_MOVE = YES;
				CLANG_WARN_UNGUARDED_AVAILABILITY = YES_AGGRESSIVE;
				CLANG_WARN_UNREACHABLE_CODE = YES;
				CLANG_WARN__DUPLICATE_METHOD_MATCH = YES;
				COPY_PHASE_STRIP = NO;
				DEBUG_INFORMATION_FORMAT = "dwarf-with-dsym";
				ENABLE_NS_ASSERTIONS = NO;
				ENABLE_STRICT_OBJC_MSGSEND = YES;
				GCC_C_LANGUAGE_STANDARD = gnu11;
				GCC_NO_COMMON_BLOCKS = YES;
				GCC_WARN_64_TO_32_BIT_CONVERSION = YES;
				GCC_WARN_ABOUT_RETURN_TYPE = YES_ERROR;
				GCC_WARN_UNDECLARED_SELECTOR = YES;
				GCC_WARN_UNINITIALIZED_AUTOS = YES_AGGRESSIVE;
				GCC_WARN_UNUSED_FUNCTION = YES;
				GCC_WARN_UNUSED_VARIABLE = YES;
				IPHONEOS_DEPLOYMENT_TARGET = 14.0;
				MTL_ENABLE_DEBUG_INFO = NO;
				MTL_FAST_MATH = YES;
				SDKROOT = iphoneos;
				SWIFT_COMPILATION_MODE = wholemodule;
				SWIFT_OPTIMIZATION_LEVEL = "-O";
				VALIDATE_PRODUCT = YES;
			};
			name = Release;
		};
		2F99EDD726E6C31800F1DBAF /* Debug */ = {
			isa = XCBuildConfiguration;
			buildSettings = {
				ASSETCATALOG_COMPILER_APPICON_NAME = AppIcon;
				ASSETCATALOG_COMPILER_GLOBAL_ACCENT_COLOR_NAME = AccentColor;
				CODE_SIGN_STYLE = Automatic;
				CURRENT_PROJECT_VERSION = 1;
				DEVELOPMENT_TEAM = 4WSLAS3STB;
				INFOPLIST_FILE = ParoleFuoriDalComune/Info.plist;
				LD_RUNPATH_SEARCH_PATHS = (
					"$(inherited)",
					"@executable_path/Frameworks",
				);
				MARKETING_VERSION = 2.0;
				PRODUCT_BUNDLE_IDENTIFIER = "it.parole-fuori-dal-comune.respira";
				PRODUCT_NAME = Re_Spira;
				SWIFT_STRICT_CONCURRENCY = complete;
				SWIFT_VERSION = 5.0;
				TARGETED_DEVICE_FAMILY = "1,2";
			};
			name = Debug;
		};
		2F99EDD826E6C31800F1DBAF /* Release */ = {
			isa = XCBuildConfiguration;
			buildSettings = {
				ASSETCATALOG_COMPILER_APPICON_NAME = AppIcon;
				ASSETCATALOG_COMPILER_GLOBAL_ACCENT_COLOR_NAME = AccentColor;
				CODE_SIGN_STYLE = Automatic;
				CURRENT_PROJECT_VERSION = 1;
				DEVELOPMENT_TEAM = 4WSLAS3STB;
				INFOPLIST_FILE = ParoleFuoriDalComune/Info.plist;
				LD_RUNPATH_SEARCH_PATHS = (
					"$(inherited)",
					"@executable_path/Frameworks",
				);
				MARKETING_VERSION = 2.0;
				PRODUCT_BUNDLE_IDENTIFIER = "it.parole-fuori-dal-comune.respira";
				PRODUCT_NAME = Re_Spira;
				SWIFT_STRICT_CONCURRENCY = complete;
				SWIFT_VERSION = 5.0;
				TARGETED_DEVICE_FAMILY = "1,2";
			};
			name = Release;
		};
/* End XCBuildConfiguration section */

/* Begin XCConfigurationList section */
		2F99EDBD26E6C31700F1DBAF /* Build configuration list for PBXProject "ParoleFuoriDalComune" */ = {
			isa = XCConfigurationList;
			buildConfigurations = (
				2F99EDD426E6C31800F1DBAF /* Debug */,
				2F99EDD526E6C31800F1DBAF /* Release */,
			);
			defaultConfigurationIsVisible = 0;
			defaultConfigurationName = Release;
		};
		2F99EDD626E6C31800F1DBAF /* Build configuration list for PBXNativeTarget "ParoleFuoriDalComune" */ = {
			isa = XCConfigurationList;
			buildConfigurations = (
				2F99EDD726E6C31800F1DBAF /* Debug */,
				2F99EDD826E6C31800F1DBAF /* Release */,
			);
			defaultConfigurationIsVisible = 0;
			defaultConfigurationName = Release;
		};
/* End XCConfigurationList section */

/* Begin XCRemoteSwiftPackageReference section */
		2FA98ABC26ED54B300DE4681 /* XCRemoteSwiftPackageReference "KDTree" */ = {
			isa = XCRemoteSwiftPackageReference;
			repositoryURL = "https://github.com/Bersaelor/KDTree";
			requirement = {
				kind = upToNextMajorVersion;
				minimumVersion = 1.4.2;
			};
		};
		2FD14C5B26ED94EC0092CC69 /* XCRemoteSwiftPackageReference "SwiftSoup" */ = {
			isa = XCRemoteSwiftPackageReference;
			repositoryURL = "https://github.com/scinfu/SwiftSoup";
			requirement = {
				kind = upToNextMajorVersion;
				minimumVersion = 2.7.2;
			};
		};
		2FD1651628BD4F7600438BF5 /* XCRemoteSwiftPackageReference "BBToast" */ = {
			isa = XCRemoteSwiftPackageReference;
			repositoryURL = "https://github.com/bibinjacobpulickal/BBToast.git";
			requirement = {
				kind = upToNextMajorVersion;
				minimumVersion = 1.0.1;
			};
		};
		4A9C59392940A79A005E5C98 /* XCRemoteSwiftPackageReference "R" */ = {
			isa = XCRemoteSwiftPackageReference;
			repositoryURL = "https://github.com/mac-cain13/R.swift";
			requirement = {
				kind = upToNextMajorVersion;
				minimumVersion = 7.5.0;
			};
		};
		4AFC25F42C1A00AE005DD5AB /* XCRemoteSwiftPackageReference "swift-numerics" */ = {
			isa = XCRemoteSwiftPackageReference;
			repositoryURL = "https://github.com/apple/swift-numerics.git";
			requirement = {
				kind = upToNextMajorVersion;
				minimumVersion = 1.0.2;
			};
		};
/* End XCRemoteSwiftPackageReference section */

/* Begin XCSwiftPackageProductDependency section */
		2FA98ABD26ED54B300DE4681 /* KDTree */ = {
			isa = XCSwiftPackageProductDependency;
			package = 2FA98ABC26ED54B300DE4681 /* XCRemoteSwiftPackageReference "KDTree" */;
			productName = KDTree;
		};
		2FD14C5C26ED94EC0092CC69 /* SwiftSoup */ = {
			isa = XCSwiftPackageProductDependency;
			package = 2FD14C5B26ED94EC0092CC69 /* XCRemoteSwiftPackageReference "SwiftSoup" */;
			productName = SwiftSoup;
		};
		2FD1651728BD4F7600438BF5 /* BBToast */ = {
			isa = XCSwiftPackageProductDependency;
			package = 2FD1651628BD4F7600438BF5 /* XCRemoteSwiftPackageReference "BBToast" */;
			productName = BBToast;
		};
		4A9C593A2940A79A005E5C98 /* RswiftLibrary */ = {
			isa = XCSwiftPackageProductDependency;
			package = 4A9C59392940A79A005E5C98 /* XCRemoteSwiftPackageReference "R" */;
			productName = RswiftLibrary;
		};
		4A9C593C2940A7C6005E5C98 /* RswiftGenerateInternalResources */ = {
			isa = XCSwiftPackageProductDependency;
			productName = "plugin:RswiftGenerateInternalResources";
		};
		4AFC25F52C1A00AE005DD5AB /* ComplexModule */ = {
			isa = XCSwiftPackageProductDependency;
			package = 4AFC25F42C1A00AE005DD5AB /* XCRemoteSwiftPackageReference "swift-numerics" */;
			productName = ComplexModule;
		};
/* End XCSwiftPackageProductDependency section */
	};
	rootObject = 2F99EDBA26E6C31700F1DBAF /* Project object */;
}
