// !$*UTF8*$!
{
	archiveVersion = 1;
	classes = {
	};
	objectVersion = 54;
	objects = {

/* Begin PBXBuildFile section */
		2F103CCF26ED720700BF9F20 /* divina_commedia.json in Resources */ = {isa = PBXBuildFile; fileRef = 2F103CCE26ED720700BF9F20 /* divina_commedia.json */; };
		2F103CD226ED725100BF9F20 /* CreditsTableViewController.swift in Sources */ = {isa = PBXBuildFile; fileRef = 2F103CD126ED725100BF9F20 /* CreditsTableViewController.swift */; };
		2F53A7D226E78B0500559655 /* SpectrogramViewController.swift in Sources */ = {isa = PBXBuildFile; fileRef = 2F53A7D126E78B0500559655 /* SpectrogramViewController.swift */; };
		2F53A7D426E7D9CE00559655 /* AudioSpectrogram.swift in Sources */ = {isa = PBXBuildFile; fileRef = 2F53A7D326E7D9CE00559655 /* AudioSpectrogram.swift */; };
		2F53A7D626E7DA5900559655 /* AudioSpectrogram+AVCaptureAudioDataOutputSampleBufferDelegate.swift in Sources */ = {isa = PBXBuildFile; fileRef = 2F53A7D526E7DA5900559655 /* AudioSpectrogram+AVCaptureAudioDataOutputSampleBufferDelegate.swift */; };
		2F53A7DC26E959E500559655 /* Calculator.swift in Sources */ = {isa = PBXBuildFile; fileRef = 2F53A7DB26E959E500559655 /* Calculator.swift */; };
		2F53A7E026E9687700559655 /* HTLM.swift in Sources */ = {isa = PBXBuildFile; fileRef = 2F53A7DF26E9687700559655 /* HTLM.swift */; };
		2F53A7E326EAA3C500559655 /* Draw.swift in Sources */ = {isa = PBXBuildFile; fileRef = 2F53A7E226EAA3C500559655 /* Draw.swift */; };
		2F53A7E526EAA41600559655 /* Cantica.swift in Sources */ = {isa = PBXBuildFile; fileRef = 2F53A7E426EAA41600559655 /* Cantica.swift */; };
		2F53A7E726EAA65E00559655 /* DrawViewController.swift in Sources */ = {isa = PBXBuildFile; fileRef = 2F53A7E626EAA65E00559655 /* DrawViewController.swift */; };
		2F99EDC626E6C31700F1DBAF /* AppDelegate.swift in Sources */ = {isa = PBXBuildFile; fileRef = 2F99EDC526E6C31700F1DBAF /* AppDelegate.swift */; };
		2F99EDC826E6C31700F1DBAF /* SceneDelegate.swift in Sources */ = {isa = PBXBuildFile; fileRef = 2F99EDC726E6C31700F1DBAF /* SceneDelegate.swift */; };
		2F99EDCA26E6C31700F1DBAF /* StartViewController.swift in Sources */ = {isa = PBXBuildFile; fileRef = 2F99EDC926E6C31700F1DBAF /* StartViewController.swift */; };
		2F99EDCD26E6C31700F1DBAF /* Main.storyboard in Resources */ = {isa = PBXBuildFile; fileRef = 2F99EDCB26E6C31700F1DBAF /* Main.storyboard */; };
		2F99EDCF26E6C31800F1DBAF /* Assets.xcassets in Resources */ = {isa = PBXBuildFile; fileRef = 2F99EDCE26E6C31800F1DBAF /* Assets.xcassets */; };
		2F99EDD226E6C31800F1DBAF /* LaunchScreen.storyboard in Resources */ = {isa = PBXBuildFile; fileRef = 2F99EDD026E6C31800F1DBAF /* LaunchScreen.storyboard */; };
		2FA5A06426ED740100579588 /* Commedia.swift in Sources */ = {isa = PBXBuildFile; fileRef = 2FA5A06326ED740100579588 /* Commedia.swift */; };
		2FA98ABE26ED54B300DE4681 /* KDTree in Frameworks */ = {isa = PBXBuildFile; productRef = 2FA98ABD26ED54B300DE4681 /* KDTree */; };
		2FD14C5D26ED94EC0092CC69 /* SwiftSoup in Frameworks */ = {isa = PBXBuildFile; productRef = 2FD14C5C26ED94EC0092CC69 /* SwiftSoup */; };
		2FD1651828BD4F7600438BF5 /* BBToast in Frameworks */ = {isa = PBXBuildFile; productRef = 2FD1651728BD4F7600438BF5 /* BBToast */; };
		2FD1651D28BD511F00438BF5 /* Localizable.strings in Resources */ = {isa = PBXBuildFile; fileRef = 2FD1651C28BD511F00438BF5 /* Localizable.strings */; };
		2FD1652128BD5C3200438BF5 /* R.generated.swift in Sources */ = {isa = PBXBuildFile; fileRef = 2FD1652028BD5C3200438BF5 /* R.generated.swift */; };
		2FD1652428BD5D4C00438BF5 /* Rswift in Frameworks */ = {isa = PBXBuildFile; productRef = 2FD1652328BD5D4C00438BF5 /* Rswift */; };
		4A96DD5C28C00B2F00DB268B /* SourceType.swift in Sources */ = {isa = PBXBuildFile; fileRef = 4A96DD5B28C00B2F00DB268B /* SourceType.swift */; };
		4A96DD6D28C3749500DB268B /* page-7.docx in Resources */ = {isa = PBXBuildFile; fileRef = 4A96DD5E28C3749500DB268B /* page-7.docx */; };
		4A96DD6E28C3749500DB268B /* page-11.docx in Resources */ = {isa = PBXBuildFile; fileRef = 4A96DD5F28C3749500DB268B /* page-11.docx */; };
		4A96DD6F28C3749500DB268B /* page-1.docx in Resources */ = {isa = PBXBuildFile; fileRef = 4A96DD6028C3749500DB268B /* page-1.docx */; };
		4A96DD7028C3749500DB268B /* page-6.docx in Resources */ = {isa = PBXBuildFile; fileRef = 4A96DD6128C3749500DB268B /* page-6.docx */; };
		4A96DD7128C3749500DB268B /* page-13.docx in Resources */ = {isa = PBXBuildFile; fileRef = 4A96DD6228C3749500DB268B /* page-13.docx */; };
		4A96DD7228C3749500DB268B /* page-15.docx in Resources */ = {isa = PBXBuildFile; fileRef = 4A96DD6328C3749500DB268B /* page-15.docx */; };
		4A96DD7328C3749500DB268B /* page-2.docx in Resources */ = {isa = PBXBuildFile; fileRef = 4A96DD6428C3749500DB268B /* page-2.docx */; };
		4A96DD7428C3749500DB268B /* page-5.docx in Resources */ = {isa = PBXBuildFile; fileRef = 4A96DD6528C3749500DB268B /* page-5.docx */; };
		4A96DD7528C3749500DB268B /* page-14.docx in Resources */ = {isa = PBXBuildFile; fileRef = 4A96DD6628C3749500DB268B /* page-14.docx */; };
		4A96DD7628C3749500DB268B /* page-9.docx in Resources */ = {isa = PBXBuildFile; fileRef = 4A96DD6728C3749500DB268B /* page-9.docx */; };
		4A96DD7728C3749500DB268B /* page-10.docx in Resources */ = {isa = PBXBuildFile; fileRef = 4A96DD6828C3749500DB268B /* page-10.docx */; };
		4A96DD7828C3749500DB268B /* page-8.docx in Resources */ = {isa = PBXBuildFile; fileRef = 4A96DD6928C3749500DB268B /* page-8.docx */; };
		4A96DD7928C3749500DB268B /* page-4.docx in Resources */ = {isa = PBXBuildFile; fileRef = 4A96DD6A28C3749500DB268B /* page-4.docx */; };
		4A96DD7A28C3749500DB268B /* page-12.docx in Resources */ = {isa = PBXBuildFile; fileRef = 4A96DD6B28C3749500DB268B /* page-12.docx */; };
		4A96DD7B28C3749500DB268B /* page-3.docx in Resources */ = {isa = PBXBuildFile; fileRef = 4A96DD6C28C3749500DB268B /* page-3.docx */; };
		4A96DD7D28C379BA00DB268B /* CreditsViewModel.swift in Sources */ = {isa = PBXBuildFile; fileRef = 4A96DD7C28C379BA00DB268B /* CreditsViewModel.swift */; };
		4A96DD7F28C37D5000DB268B /* DrawViewModel.swift in Sources */ = {isa = PBXBuildFile; fileRef = 4A96DD7E28C37D5000DB268B /* DrawViewModel.swift */; };
/* End PBXBuildFile section */

/* Begin PBXFileReference section */
		2F103CCE26ED720700BF9F20 /* divina_commedia.json */ = {isa = PBXFileReference; fileEncoding = 4; lastKnownFileType = text.json; path = divina_commedia.json; sourceTree = "<group>"; };
		2F103CD126ED725100BF9F20 /* CreditsTableViewController.swift */ = {isa = PBXFileReference; lastKnownFileType = sourcecode.swift; path = CreditsTableViewController.swift; sourceTree = "<group>"; };
		2F53A7D126E78B0500559655 /* SpectrogramViewController.swift */ = {isa = PBXFileReference; lastKnownFileType = sourcecode.swift; path = SpectrogramViewController.swift; sourceTree = "<group>"; };
		2F53A7D326E7D9CE00559655 /* AudioSpectrogram.swift */ = {isa = PBXFileReference; lastKnownFileType = sourcecode.swift; path = AudioSpectrogram.swift; sourceTree = "<group>"; };
		2F53A7D526E7DA5900559655 /* AudioSpectrogram+AVCaptureAudioDataOutputSampleBufferDelegate.swift */ = {isa = PBXFileReference; lastKnownFileType = sourcecode.swift; path = "AudioSpectrogram+AVCaptureAudioDataOutputSampleBufferDelegate.swift"; sourceTree = "<group>"; };
		2F53A7DB26E959E500559655 /* Calculator.swift */ = {isa = PBXFileReference; lastKnownFileType = sourcecode.swift; path = Calculator.swift; sourceTree = "<group>"; };
		2F53A7DF26E9687700559655 /* HTLM.swift */ = {isa = PBXFileReference; lastKnownFileType = sourcecode.swift; path = HTLM.swift; sourceTree = "<group>"; };
		2F53A7E226EAA3C500559655 /* Draw.swift */ = {isa = PBXFileReference; lastKnownFileType = sourcecode.swift; path = Draw.swift; sourceTree = "<group>"; };
		2F53A7E426EAA41600559655 /* Cantica.swift */ = {isa = PBXFileReference; lastKnownFileType = sourcecode.swift; path = Cantica.swift; sourceTree = "<group>"; };
		2F53A7E626EAA65E00559655 /* DrawViewController.swift */ = {isa = PBXFileReference; lastKnownFileType = sourcecode.swift; path = DrawViewController.swift; sourceTree = "<group>"; };
		2F99EDC226E6C31700F1DBAF /* Re_Spira.app */ = {isa = PBXFileReference; explicitFileType = wrapper.application; includeInIndex = 0; path = Re_Spira.app; sourceTree = BUILT_PRODUCTS_DIR; };
		2F99EDC526E6C31700F1DBAF /* AppDelegate.swift */ = {isa = PBXFileReference; lastKnownFileType = sourcecode.swift; path = AppDelegate.swift; sourceTree = "<group>"; };
		2F99EDC726E6C31700F1DBAF /* SceneDelegate.swift */ = {isa = PBXFileReference; lastKnownFileType = sourcecode.swift; path = SceneDelegate.swift; sourceTree = "<group>"; };
		2F99EDC926E6C31700F1DBAF /* StartViewController.swift */ = {isa = PBXFileReference; lastKnownFileType = sourcecode.swift; path = StartViewController.swift; sourceTree = "<group>"; };
		2F99EDCC26E6C31700F1DBAF /* Base */ = {isa = PBXFileReference; lastKnownFileType = file.storyboard; name = Base; path = Base.lproj/Main.storyboard; sourceTree = "<group>"; };
		2F99EDCE26E6C31800F1DBAF /* Assets.xcassets */ = {isa = PBXFileReference; lastKnownFileType = folder.assetcatalog; path = Assets.xcassets; sourceTree = "<group>"; };
		2F99EDD126E6C31800F1DBAF /* Base */ = {isa = PBXFileReference; lastKnownFileType = file.storyboard; name = Base; path = Base.lproj/LaunchScreen.storyboard; sourceTree = "<group>"; };
		2F99EDD326E6C31800F1DBAF /* Info.plist */ = {isa = PBXFileReference; lastKnownFileType = text.plist.xml; path = Info.plist; sourceTree = "<group>"; };
		2FA5A06326ED740100579588 /* Commedia.swift */ = {isa = PBXFileReference; lastKnownFileType = sourcecode.swift; path = Commedia.swift; sourceTree = "<group>"; };
		2FD1651C28BD511F00438BF5 /* Localizable.strings */ = {isa = PBXFileReference; lastKnownFileType = text.plist.strings; path = Localizable.strings; sourceTree = "<group>"; };
		2FD1652028BD5C3200438BF5 /* R.generated.swift */ = {isa = PBXFileReference; fileEncoding = 4; lastKnownFileType = sourcecode.swift; path = R.generated.swift; sourceTree = "<group>"; };
		4A96DD5B28C00B2F00DB268B /* SourceType.swift */ = {isa = PBXFileReference; lastKnownFileType = sourcecode.swift; path = SourceType.swift; sourceTree = "<group>"; };
		4A96DD5E28C3749500DB268B /* page-7.docx */ = {isa = PBXFileReference; lastKnownFileType = file; path = "page-7.docx"; sourceTree = "<group>"; };
		4A96DD5F28C3749500DB268B /* page-11.docx */ = {isa = PBXFileReference; lastKnownFileType = file; path = "page-11.docx"; sourceTree = "<group>"; };
		4A96DD6028C3749500DB268B /* page-1.docx */ = {isa = PBXFileReference; lastKnownFileType = file; path = "page-1.docx"; sourceTree = "<group>"; };
		4A96DD6128C3749500DB268B /* page-6.docx */ = {isa = PBXFileReference; lastKnownFileType = file; path = "page-6.docx"; sourceTree = "<group>"; };
		4A96DD6228C3749500DB268B /* page-13.docx */ = {isa = PBXFileReference; lastKnownFileType = file; path = "page-13.docx"; sourceTree = "<group>"; };
		4A96DD6328C3749500DB268B /* page-15.docx */ = {isa = PBXFileReference; lastKnownFileType = file; path = "page-15.docx"; sourceTree = "<group>"; };
		4A96DD6428C3749500DB268B /* page-2.docx */ = {isa = PBXFileReference; lastKnownFileType = file; path = "page-2.docx"; sourceTree = "<group>"; };
		4A96DD6528C3749500DB268B /* page-5.docx */ = {isa = PBXFileReference; lastKnownFileType = file; path = "page-5.docx"; sourceTree = "<group>"; };
		4A96DD6628C3749500DB268B /* page-14.docx */ = {isa = PBXFileReference; lastKnownFileType = file; path = "page-14.docx"; sourceTree = "<group>"; };
		4A96DD6728C3749500DB268B /* page-9.docx */ = {isa = PBXFileReference; lastKnownFileType = file; path = "page-9.docx"; sourceTree = "<group>"; };
		4A96DD6828C3749500DB268B /* page-10.docx */ = {isa = PBXFileReference; lastKnownFileType = file; path = "page-10.docx"; sourceTree = "<group>"; };
		4A96DD6928C3749500DB268B /* page-8.docx */ = {isa = PBXFileReference; lastKnownFileType = file; path = "page-8.docx"; sourceTree = "<group>"; };
		4A96DD6A28C3749500DB268B /* page-4.docx */ = {isa = PBXFileReference; lastKnownFileType = file; path = "page-4.docx"; sourceTree = "<group>"; };
		4A96DD6B28C3749500DB268B /* page-12.docx */ = {isa = PBXFileReference; lastKnownFileType = file; path = "page-12.docx"; sourceTree = "<group>"; };
		4A96DD6C28C3749500DB268B /* page-3.docx */ = {isa = PBXFileReference; lastKnownFileType = file; path = "page-3.docx"; sourceTree = "<group>"; };
		4A96DD7C28C379BA00DB268B /* CreditsViewModel.swift */ = {isa = PBXFileReference; lastKnownFileType = sourcecode.swift; path = CreditsViewModel.swift; sourceTree = "<group>"; };
		4A96DD7E28C37D5000DB268B /* DrawViewModel.swift */ = {isa = PBXFileReference; lastKnownFileType = sourcecode.swift; path = DrawViewModel.swift; sourceTree = "<group>"; };
/* End PBXFileReference section */

/* Begin PBXFrameworksBuildPhase section */
		2F99EDBF26E6C31700F1DBAF /* Frameworks */ = {
			isa = PBXFrameworksBuildPhase;
			buildActionMask = 2147483647;
			files = (
				2FD1651828BD4F7600438BF5 /* BBToast in Frameworks */,
				2FD1652428BD5D4C00438BF5 /* Rswift in Frameworks */,
				2FA98ABE26ED54B300DE4681 /* KDTree in Frameworks */,
				2FD14C5D26ED94EC0092CC69 /* SwiftSoup in Frameworks */,
			);
			runOnlyForDeploymentPostprocessing = 0;
		};
/* End PBXFrameworksBuildPhase section */

/* Begin PBXGroup section */
		2F103CD026ED723600BF9F20 /* Credits */ = {
			isa = PBXGroup;
			children = (
				2F103CD126ED725100BF9F20 /* CreditsTableViewController.swift */,
				4A96DD7C28C379BA00DB268B /* CreditsViewModel.swift */,
			);
			path = Credits;
			sourceTree = "<group>";
		};
		2F103CD326ED72C000BF9F20 /* DivinaCommedia */ = {
			isa = PBXGroup;
			children = (
				2F103CCE26ED720700BF9F20 /* divina_commedia.json */,
				2FA5A06326ED740100579588 /* Commedia.swift */,
			);
			path = DivinaCommedia;
			sourceTree = "<group>";
		};
		2F53A7D926E9581F00559655 /* Spectogram */ = {
			isa = PBXGroup;
			children = (
				2F53A7D126E78B0500559655 /* SpectrogramViewController.swift */,
				2F53A7D326E7D9CE00559655 /* AudioSpectrogram.swift */,
				2F53A7D526E7DA5900559655 /* AudioSpectrogram+AVCaptureAudioDataOutputSampleBufferDelegate.swift */,
			);
			path = Spectogram;
			sourceTree = "<group>";
		};
		2F53A7DA26E9597800559655 /* Drawing */ = {
			isa = PBXGroup;
			children = (
				2F53A7DB26E959E500559655 /* Calculator.swift */,
				2F53A7DF26E9687700559655 /* HTLM.swift */,
				2F53A7E226EAA3C500559655 /* Draw.swift */,
			);
			path = Drawing;
			sourceTree = "<group>";
		};
		2F53A7E126EAA38300559655 /* Cantiche */ = {
			isa = PBXGroup;
			children = (
				2F53A7E426EAA41600559655 /* Cantica.swift */,
			);
			path = Cantiche;
			sourceTree = "<group>";
		};
		2F99EDB926E6C31700F1DBAF = {
			isa = PBXGroup;
			children = (
				2FD1652028BD5C3200438BF5 /* R.generated.swift */,
				2F99EDC426E6C31700F1DBAF /* ParoleFuoriDalComune */,
				2F99EDC326E6C31700F1DBAF /* Products */,
			);
			sourceTree = "<group>";
		};
		2F99EDC326E6C31700F1DBAF /* Products */ = {
			isa = PBXGroup;
			children = (
				2F99EDC226E6C31700F1DBAF /* Re_Spira.app */,
			);
			name = Products;
			sourceTree = "<group>";
		};
		2F99EDC426E6C31700F1DBAF /* ParoleFuoriDalComune */ = {
			isa = PBXGroup;
			children = (
				4A96DD8028C3E0B200DB268B /* Draw */,
				4A96DD5D28C3746500DB268B /* Postcards */,
				2F103CD326ED72C000BF9F20 /* DivinaCommedia */,
				2F103CD026ED723600BF9F20 /* Credits */,
				2F53A7E126EAA38300559655 /* Cantiche */,
				2F53A7DA26E9597800559655 /* Drawing */,
				2F53A7D926E9581F00559655 /* Spectogram */,
				2F99EDC526E6C31700F1DBAF /* AppDelegate.swift */,
				2F99EDC726E6C31700F1DBAF /* SceneDelegate.swift */,
				2F99EDC926E6C31700F1DBAF /* StartViewController.swift */,
				2F99EDCB26E6C31700F1DBAF /* Main.storyboard */,
				2F99EDCE26E6C31800F1DBAF /* Assets.xcassets */,
				2F99EDD026E6C31800F1DBAF /* LaunchScreen.storyboard */,
				2F99EDD326E6C31800F1DBAF /* Info.plist */,
				2FD1651C28BD511F00438BF5 /* Localizable.strings */,
				4A96DD5B28C00B2F00DB268B /* SourceType.swift */,
			);
			path = ParoleFuoriDalComune;
			sourceTree = "<group>";
		};
		4A96DD5D28C3746500DB268B /* Postcards */ = {
			isa = PBXGroup;
			children = (
				4A96DD6028C3749500DB268B /* page-1.docx */,
				4A96DD6428C3749500DB268B /* page-2.docx */,
				4A96DD6C28C3749500DB268B /* page-3.docx */,
				4A96DD6A28C3749500DB268B /* page-4.docx */,
				4A96DD6528C3749500DB268B /* page-5.docx */,
				4A96DD6128C3749500DB268B /* page-6.docx */,
				4A96DD5E28C3749500DB268B /* page-7.docx */,
				4A96DD6928C3749500DB268B /* page-8.docx */,
				4A96DD6728C3749500DB268B /* page-9.docx */,
				4A96DD6828C3749500DB268B /* page-10.docx */,
				4A96DD5F28C3749500DB268B /* page-11.docx */,
				4A96DD6B28C3749500DB268B /* page-12.docx */,
				4A96DD6228C3749500DB268B /* page-13.docx */,
				4A96DD6628C3749500DB268B /* page-14.docx */,
				4A96DD6328C3749500DB268B /* page-15.docx */,
			);
			path = Postcards;
			sourceTree = "<group>";
		};
		4A96DD8028C3E0B200DB268B /* Draw */ = {
			isa = PBXGroup;
			children = (
				2F53A7E626EAA65E00559655 /* DrawViewController.swift */,
				4A96DD7E28C37D5000DB268B /* DrawViewModel.swift */,
			);
			path = Draw;
			sourceTree = "<group>";
		};
/* End PBXGroup section */

/* Begin PBXNativeTarget section */
		2F99EDC126E6C31700F1DBAF /* ParoleFuoriDalComune */ = {
			isa = PBXNativeTarget;
			buildConfigurationList = 2F99EDD626E6C31800F1DBAF /* Build configuration list for PBXNativeTarget "ParoleFuoriDalComune" */;
			buildPhases = (
				2FD1651F28BD5B3900438BF5 /* R.swift */,
				2F99EDBE26E6C31700F1DBAF /* Sources */,
				2F99EDBF26E6C31700F1DBAF /* Frameworks */,
				2F99EDC026E6C31700F1DBAF /* Resources */,
			);
			buildRules = (
			);
			dependencies = (
			);
			name = ParoleFuoriDalComune;
			packageProductDependencies = (
				2FA98ABD26ED54B300DE4681 /* KDTree */,
				2FD14C5C26ED94EC0092CC69 /* SwiftSoup */,
				2FD1651728BD4F7600438BF5 /* BBToast */,
				2FD1652328BD5D4C00438BF5 /* Rswift */,
			);
			productName = ParoleFuoriDalComune;
			productReference = 2F99EDC226E6C31700F1DBAF /* Re_Spira.app */;
			productType = "com.apple.product-type.application";
		};
/* End PBXNativeTarget section */

/* Begin PBXProject section */
		2F99EDBA26E6C31700F1DBAF /* Project object */ = {
			isa = PBXProject;
			attributes = {
				LastSwiftUpdateCheck = 1250;
				LastUpgradeCheck = 1250;
				TargetAttributes = {
					2F99EDC126E6C31700F1DBAF = {
						CreatedOnToolsVersion = 12.5.1;
					};
				};
			};
			buildConfigurationList = 2F99EDBD26E6C31700F1DBAF /* Build configuration list for PBXProject "ParoleFuoriDalComune" */;
			compatibilityVersion = "Xcode 9.3";
			developmentRegion = en;
			hasScannedForEncodings = 0;
			knownRegions = (
				en,
				Base,
			);
			mainGroup = 2F99EDB926E6C31700F1DBAF;
			packageReferences = (
				2FA98ABC26ED54B300DE4681 /* XCRemoteSwiftPackageReference "KDTree" */,
				2FD14C5B26ED94EC0092CC69 /* XCRemoteSwiftPackageReference "SwiftSoup" */,
				2FD1651628BD4F7600438BF5 /* XCRemoteSwiftPackageReference "BBToast" */,
				2FD1652228BD5D4C00438BF5 /* XCRemoteSwiftPackageReference "R.swift" */,
			);
			productRefGroup = 2F99EDC326E6C31700F1DBAF /* Products */;
			projectDirPath = "";
			projectRoot = "";
			targets = (
				2F99EDC126E6C31700F1DBAF /* ParoleFuoriDalComune */,
			);
		};
/* End PBXProject section */

/* Begin PBXResourcesBuildPhase section */
		2F99EDC026E6C31700F1DBAF /* Resources */ = {
			isa = PBXResourcesBuildPhase;
			buildActionMask = 2147483647;
			files = (
				2FD1651D28BD511F00438BF5 /* Localizable.strings in Resources */,
				4A96DD7428C3749500DB268B /* page-5.docx in Resources */,
				4A96DD7A28C3749500DB268B /* page-12.docx in Resources */,
				4A96DD6E28C3749500DB268B /* page-11.docx in Resources */,
				4A96DD7728C3749500DB268B /* page-10.docx in Resources */,
				4A96DD7128C3749500DB268B /* page-13.docx in Resources */,
				4A96DD6F28C3749500DB268B /* page-1.docx in Resources */,
				4A96DD7628C3749500DB268B /* page-9.docx in Resources */,
				2F99EDD226E6C31800F1DBAF /* LaunchScreen.storyboard in Resources */,
				4A96DD6D28C3749500DB268B /* page-7.docx in Resources */,
				4A96DD7228C3749500DB268B /* page-15.docx in Resources */,
				4A96DD7028C3749500DB268B /* page-6.docx in Resources */,
				4A96DD7B28C3749500DB268B /* page-3.docx in Resources */,
				2F103CCF26ED720700BF9F20 /* divina_commedia.json in Resources */,
				4A96DD7828C3749500DB268B /* page-8.docx in Resources */,
				2F99EDCF26E6C31800F1DBAF /* Assets.xcassets in Resources */,
				4A96DD7528C3749500DB268B /* page-14.docx in Resources */,
				2F99EDCD26E6C31700F1DBAF /* Main.storyboard in Resources */,
				4A96DD7328C3749500DB268B /* page-2.docx in Resources */,
				4A96DD7928C3749500DB268B /* page-4.docx in Resources */,
			);
			runOnlyForDeploymentPostprocessing = 0;
		};
/* End PBXResourcesBuildPhase section */

/* Begin PBXShellScriptBuildPhase section */
		2FD1651F28BD5B3900438BF5 /* R.swift */ = {
			isa = PBXShellScriptBuildPhase;
			alwaysOutOfDate = 1;
			buildActionMask = 2147483647;
			files = (
			);
			inputFileListPaths = (
			);
			inputPaths = (
			);
			name = R.swift;
			outputFileListPaths = (
			);
			outputPaths = (
				$SRCROOT/R.generated.swift,
			);
			runOnlyForDeploymentPostprocessing = 0;
			shellPath = /bin/sh;
			shellScript = "\n# check if directory exists\nif [ -d /opt/homebrew/bin ]; then\n    echo \"Running on Silicon\"\n    MINT=/opt/homebrew/bin/mint\nelse\n  echo \"Not running on Silicon\"\n  MINT=mint\nfi\n\nif ${MINT} list | grep -q 'R.swift'; then\n    ${MINT} run R.swift rswift generate \"$SRCROOT/R.generated.swift\"\nelse\n  echo \"error: R.swift not installed; run 'mint bootstrap' to install\"\n  return -1\nfi\n";
		};
/* End PBXShellScriptBuildPhase section */

/* Begin PBXSourcesBuildPhase section */
		2F99EDBE26E6C31700F1DBAF /* Sources */ = {
			isa = PBXSourcesBuildPhase;
			buildActionMask = 2147483647;
			files = (
				4A96DD7F28C37D5000DB268B /* DrawViewModel.swift in Sources */,
				2F103CD226ED725100BF9F20 /* CreditsTableViewController.swift in Sources */,
				2FD1652128BD5C3200438BF5 /* R.generated.swift in Sources */,
				2F99EDCA26E6C31700F1DBAF /* StartViewController.swift in Sources */,
				2F53A7E726EAA65E00559655 /* DrawViewController.swift in Sources */,
				2F53A7D626E7DA5900559655 /* AudioSpectrogram+AVCaptureAudioDataOutputSampleBufferDelegate.swift in Sources */,
				2F53A7E026E9687700559655 /* HTLM.swift in Sources */,
				2F53A7E326EAA3C500559655 /* Draw.swift in Sources */,
				2FA5A06426ED740100579588 /* Commedia.swift in Sources */,
				2F53A7DC26E959E500559655 /* Calculator.swift in Sources */,
				2F53A7D426E7D9CE00559655 /* AudioSpectrogram.swift in Sources */,
				2F53A7D226E78B0500559655 /* SpectrogramViewController.swift in Sources */,
				4A96DD7D28C379BA00DB268B /* CreditsViewModel.swift in Sources */,
				4A96DD5C28C00B2F00DB268B /* SourceType.swift in Sources */,
				2F53A7E526EAA41600559655 /* Cantica.swift in Sources */,
				2F99EDC626E6C31700F1DBAF /* AppDelegate.swift in Sources */,
				2F99EDC826E6C31700F1DBAF /* SceneDelegate.swift in Sources */,
			);
			runOnlyForDeploymentPostprocessing = 0;
		};
/* End PBXSourcesBuildPhase section */

/* Begin PBXVariantGroup section */
		2F99EDCB26E6C31700F1DBAF /* Main.storyboard */ = {
			isa = PBXVariantGroup;
			children = (
				2F99EDCC26E6C31700F1DBAF /* Base */,
			);
			name = Main.storyboard;
			sourceTree = "<group>";
		};
		2F99EDD026E6C31800F1DBAF /* LaunchScreen.storyboard */ = {
			isa = PBXVariantGroup;
			children = (
				2F99EDD126E6C31800F1DBAF /* Base */,
			);
			name = LaunchScreen.storyboard;
			sourceTree = "<group>";
		};
/* End PBXVariantGroup section */

/* Begin XCBuildConfiguration section */
		2F99EDD426E6C31800F1DBAF /* Debug */ = {
			isa = XCBuildConfiguration;
			buildSettings = {
				ALWAYS_SEARCH_USER_PATHS = NO;
				CLANG_ANALYZER_NONNULL = YES;
				CLANG_ANALYZER_NUMBER_OBJECT_CONVERSION = YES_AGGRESSIVE;
				CLANG_CXX_LANGUAGE_STANDARD = "gnu++14";
				CLANG_CXX_LIBRARY = "libc++";
				CLANG_ENABLE_MODULES = YES;
				CLANG_ENABLE_OBJC_ARC = YES;
				CLANG_ENABLE_OBJC_WEAK = YES;
				CLANG_WARN_BLOCK_CAPTURE_AUTORELEASING = YES;
				CLANG_WARN_BOOL_CONVERSION = YES;
				CLANG_WARN_COMMA = YES;
				CLANG_WARN_CONSTANT_CONVERSION = YES;
				CLANG_WARN_DEPRECATED_OBJC_IMPLEMENTATIONS = YES;
				CLANG_WARN_DIRECT_OBJC_ISA_USAGE = YES_ERROR;
				CLANG_WARN_DOCUMENTATION_COMMENTS = YES;
				CLANG_WARN_EMPTY_BODY = YES;
				CLANG_WARN_ENUM_CONVERSION = YES;
				CLANG_WARN_INFINITE_RECURSION = YES;
				CLANG_WARN_INT_CONVERSION = YES;
				CLANG_WARN_NON_LITERAL_NULL_CONVERSION = YES;
				CLANG_WARN_OBJC_IMPLICIT_RETAIN_SELF = YES;
				CLANG_WARN_OBJC_LITERAL_CONVERSION = YES;
				CLANG_WARN_OBJC_ROOT_CLASS = YES_ERROR;
				CLANG_WARN_QUOTED_INCLUDE_IN_FRAMEWORK_HEADER = YES;
				CLANG_WARN_RANGE_LOOP_ANALYSIS = YES;
				CLANG_WARN_STRICT_PROTOTYPES = YES;
				CLANG_WARN_SUSPICIOUS_MOVE = YES;
				CLANG_WARN_UNGUARDED_AVAILABILITY = YES_AGGRESSIVE;
				CLANG_WARN_UNREACHABLE_CODE = YES;
				CLANG_WARN__DUPLICATE_METHOD_MATCH = YES;
				COPY_PHASE_STRIP = NO;
				DEBUG_INFORMATION_FORMAT = dwarf;
				ENABLE_STRICT_OBJC_MSGSEND = YES;
				ENABLE_TESTABILITY = YES;
				GCC_C_LANGUAGE_STANDARD = gnu11;
				GCC_DYNAMIC_NO_PIC = NO;
				GCC_NO_COMMON_BLOCKS = YES;
				GCC_OPTIMIZATION_LEVEL = 0;
				GCC_PREPROCESSOR_DEFINITIONS = (
					"DEBUG=1",
					"$(inherited)",
				);
				GCC_WARN_64_TO_32_BIT_CONVERSION = YES;
				GCC_WARN_ABOUT_RETURN_TYPE = YES_ERROR;
				GCC_WARN_UNDECLARED_SELECTOR = YES;
				GCC_WARN_UNINITIALIZED_AUTOS = YES_AGGRESSIVE;
				GCC_WARN_UNUSED_FUNCTION = YES;
				GCC_WARN_UNUSED_VARIABLE = YES;
				IPHONEOS_DEPLOYMENT_TARGET = 14.0;
				MTL_ENABLE_DEBUG_INFO = INCLUDE_SOURCE;
				MTL_FAST_MATH = YES;
				ONLY_ACTIVE_ARCH = YES;
				SDKROOT = iphoneos;
				SWIFT_ACTIVE_COMPILATION_CONDITIONS = DEBUG;
				SWIFT_OPTIMIZATION_LEVEL = "-Onone";
			};
			name = Debug;
		};
		2F99EDD526E6C31800F1DBAF /* Release */ = {
			isa = XCBuildConfiguration;
			buildSettings = {
				ALWAYS_SEARCH_USER_PATHS = NO;
				CLANG_ANALYZER_NONNULL = YES;
				CLANG_ANALYZER_NUMBER_OBJECT_CONVERSION = YES_AGGRESSIVE;
				CLANG_CXX_LANGUAGE_STANDARD = "gnu++14";
				CLANG_CXX_LIBRARY = "libc++";
				CLANG_ENABLE_MODULES = YES;
				CLANG_ENABLE_OBJC_ARC = YES;
				CLANG_ENABLE_OBJC_WEAK = YES;
				CLANG_WARN_BLOCK_CAPTURE_AUTORELEASING = YES;
				CLANG_WARN_BOOL_CONVERSION = YES;
				CLANG_WARN_COMMA = YES;
				CLANG_WARN_CONSTANT_CONVERSION = YES;
				CLANG_WARN_DEPRECATED_OBJC_IMPLEMENTATIONS = YES;
				CLANG_WARN_DIRECT_OBJC_ISA_USAGE = YES_ERROR;
				CLANG_WARN_DOCUMENTATION_COMMENTS = YES;
				CLANG_WARN_EMPTY_BODY = YES;
				CLANG_WARN_ENUM_CONVERSION = YES;
				CLANG_WARN_INFINITE_RECURSION = YES;
				CLANG_WARN_INT_CONVERSION = YES;
				CLANG_WARN_NON_LITERAL_NULL_CONVERSION = YES;
				CLANG_WARN_OBJC_IMPLICIT_RETAIN_SELF = YES;
				CLANG_WARN_OBJC_LITERAL_CONVERSION = YES;
				CLANG_WARN_OBJC_ROOT_CLASS = YES_ERROR;
				CLANG_WARN_QUOTED_INCLUDE_IN_FRAMEWORK_HEADER = YES;
				CLANG_WARN_RANGE_LOOP_ANALYSIS = YES;
				CLANG_WARN_STRICT_PROTOTYPES = YES;
				CLANG_WARN_SUSPICIOUS_MOVE = YES;
				CLANG_WARN_UNGUARDED_AVAILABILITY = YES_AGGRESSIVE;
				CLANG_WARN_UNREACHABLE_CODE = YES;
				CLANG_WARN__DUPLICATE_METHOD_MATCH = YES;
				COPY_PHASE_STRIP = NO;
				DEBUG_INFORMATION_FORMAT = "dwarf-with-dsym";
				ENABLE_NS_ASSERTIONS = NO;
				ENABLE_STRICT_OBJC_MSGSEND = YES;
				GCC_C_LANGUAGE_STANDARD = gnu11;
				GCC_NO_COMMON_BLOCKS = YES;
				GCC_WARN_64_TO_32_BIT_CONVERSION = YES;
				GCC_WARN_ABOUT_RETURN_TYPE = YES_ERROR;
				GCC_WARN_UNDECLARED_SELECTOR = YES;
				GCC_WARN_UNINITIALIZED_AUTOS = YES_AGGRESSIVE;
				GCC_WARN_UNUSED_FUNCTION = YES;
				GCC_WARN_UNUSED_VARIABLE = YES;
				IPHONEOS_DEPLOYMENT_TARGET = 14.0;
				MTL_ENABLE_DEBUG_INFO = NO;
				MTL_FAST_MATH = YES;
				SDKROOT = iphoneos;
				SWIFT_COMPILATION_MODE = wholemodule;
				SWIFT_OPTIMIZATION_LEVEL = "-O";
				VALIDATE_PRODUCT = YES;
			};
			name = Release;
		};
		2F99EDD726E6C31800F1DBAF /* Debug */ = {
			isa = XCBuildConfiguration;
			buildSettings = {
				ASSETCATALOG_COMPILER_APPICON_NAME = AppIcon;
				ASSETCATALOG_COMPILER_GLOBAL_ACCENT_COLOR_NAME = AccentColor;
				CODE_SIGN_STYLE = Automatic;
				DEVELOPMENT_TEAM = "";
				INFOPLIST_FILE = ParoleFuoriDalComune/Info.plist;
				LD_RUNPATH_SEARCH_PATHS = (
					"$(inherited)",
					"@executable_path/Frameworks",
				);
				PRODUCT_BUNDLE_IDENTIFIER = it.ParoleFuoriDalComune.respira;
				PRODUCT_NAME = Re_Spira;
				SWIFT_VERSION = 5.0;
				TARGETED_DEVICE_FAMILY = "1,2";
			};
			name = Debug;
		};
		2F99EDD826E6C31800F1DBAF /* Release */ = {
			isa = XCBuildConfiguration;
			buildSettings = {
				ASSETCATALOG_COMPILER_APPICON_NAME = AppIcon;
				ASSETCATALOG_COMPILER_GLOBAL_ACCENT_COLOR_NAME = AccentColor;
				CODE_SIGN_STYLE = Automatic;
				DEVELOPMENT_TEAM = 4WSLAS3STB;
				INFOPLIST_FILE = ParoleFuoriDalComune/Info.plist;
				LD_RUNPATH_SEARCH_PATHS = (
					"$(inherited)",
					"@executable_path/Frameworks",
				);
				PRODUCT_BUNDLE_IDENTIFIER = it.ParoleFuoriDalComune.respira;
				PRODUCT_NAME = Re_Spira;
				SWIFT_VERSION = 5.0;
				TARGETED_DEVICE_FAMILY = "1,2";
			};
			name = Release;
		};
/* End XCBuildConfiguration section */

/* Begin XCConfigurationList section */
		2F99EDBD26E6C31700F1DBAF /* Build configuration list for PBXProject "ParoleFuoriDalComune" */ = {
			isa = XCConfigurationList;
			buildConfigurations = (
				2F99EDD426E6C31800F1DBAF /* Debug */,
				2F99EDD526E6C31800F1DBAF /* Release */,
			);
			defaultConfigurationIsVisible = 0;
			defaultConfigurationName = Release;
		};
		2F99EDD626E6C31800F1DBAF /* Build configuration list for PBXNativeTarget "ParoleFuoriDalComune" */ = {
			isa = XCConfigurationList;
			buildConfigurations = (
				2F99EDD726E6C31800F1DBAF /* Debug */,
				2F99EDD826E6C31800F1DBAF /* Release */,
			);
			defaultConfigurationIsVisible = 0;
			defaultConfigurationName = Release;
		};
/* End XCConfigurationList section */

/* Begin XCRemoteSwiftPackageReference section */
		2FA98ABC26ED54B300DE4681 /* XCRemoteSwiftPackageReference "KDTree" */ = {
			isa = XCRemoteSwiftPackageReference;
			repositoryURL = "https://github.com/Bersaelor/KDTree";
			requirement = {
				kind = upToNextMajorVersion;
				minimumVersion = 1.4.1;
			};
		};
		2FD14C5B26ED94EC0092CC69 /* XCRemoteSwiftPackageReference "SwiftSoup" */ = {
			isa = XCRemoteSwiftPackageReference;
			repositoryURL = "https://github.com/scinfu/SwiftSoup";
			requirement = {
				kind = upToNextMajorVersion;
				minimumVersion = 2.3.3;
			};
		};
		2FD1651628BD4F7600438BF5 /* XCRemoteSwiftPackageReference "BBToast" */ = {
			isa = XCRemoteSwiftPackageReference;
			repositoryURL = "https://github.com/bibinjacobpulickal/BBToast.git";
			requirement = {
				kind = upToNextMajorVersion;
				minimumVersion = 1.0.0;
			};
		};
		2FD1652228BD5D4C00438BF5 /* XCRemoteSwiftPackageReference "R.swift" */ = {
			isa = XCRemoteSwiftPackageReference;
			repositoryURL = "https://github.com/mac-cain13/R.swift.Library";
			requirement = {
				kind = upToNextMajorVersion;
				minimumVersion = 5.4.0;
			};
		};
/* End XCRemoteSwiftPackageReference section */

/* Begin XCSwiftPackageProductDependency section */
		2FA98ABD26ED54B300DE4681 /* KDTree */ = {
			isa = XCSwiftPackageProductDependency;
			package = 2FA98ABC26ED54B300DE4681 /* XCRemoteSwiftPackageReference "KDTree" */;
			productName = KDTree;
		};
		2FD14C5C26ED94EC0092CC69 /* SwiftSoup */ = {
			isa = XCSwiftPackageProductDependency;
			package = 2FD14C5B26ED94EC0092CC69 /* XCRemoteSwiftPackageReference "SwiftSoup" */;
			productName = SwiftSoup;
		};
		2FD1651728BD4F7600438BF5 /* BBToast */ = {
			isa = XCSwiftPackageProductDependency;
			package = 2FD1651628BD4F7600438BF5 /* XCRemoteSwiftPackageReference "BBToast" */;
			productName = BBToast;
		};
		2FD1652328BD5D4C00438BF5 /* Rswift */ = {
			isa = XCSwiftPackageProductDependency;
			package = 2FD1652228BD5D4C00438BF5 /* XCRemoteSwiftPackageReference "R.swift" */;
			productName = Rswift;
		};
/* End XCSwiftPackageProductDependency section */
	};
	rootObject = 2F99EDBA26E6C31700F1DBAF /* Project object */;
}
