{
  "originHash" : "8d214cab2eccf08b67836f9dfca66f2922acb7cd3ce01c5e77eb462eec7130fb",
  "pins" : [
    {
      "identity" : "bbtoast",
      "kind" : "remoteSourceControl",
      "location" : "https://github.com/bibinjacobpulickal/BBToast.git",
      "state" : {
        "revision" : "367bd95a5208c430eae12082f6e95d3dc9bc39c1",
        "version" : "1.0.1"
      }
    },
    {
      "identity" : "kdtree",
      "kind" : "remoteSourceControl",
      "location" : "https://github.com/Bersaelor/KDTree",
      "state" : {
        "revision" : "35d14064d48d92a0c2c1215b93a3118f558b2e6b",
        "version" : "1.4.2"
      }
    },
    {
      "identity" : "r.swift",
      "kind" : "remoteSourceControl",
      "location" : "https://github.com/mac-cain13/R.swift",
      "state" : {
        "revision" : "384eab88d1a0b98ac96f4819e50a4308ecd5359f",
        "version" : "7.5.0"
      }
    },
    {
      "identity" : "spectrogramview",
      "kind" : "remoteSourceControl",
      "location" : "https://github.com/lukluca/SpectrogramView",
      "state" : {
        "revision" : "d2eead62988a04a6bdcb1761b587e349985057ba",
        "version" : "1.0.3"
      }
    },
    {
      "identity" : "swift-argument-parser",
      "kind" : "remoteSourceControl",
      "location" : "https://github.com/apple/swift-argument-parser",
      "state" : {
        "revision" : "fddd1c00396eed152c45a46bea9f47b98e59301d",
        "version" : "1.2.0"
      }
    },
    {
      "identity" : "swift-numerics",
      "kind" : "remoteSourceControl",
      "location" : "https://github.com/apple/swift-numerics.git",
      "state" : {
        "revision" : "0a5bc04095a675662cf24757cc0640aa2204253b",
        "version" : "1.0.2"
      }
    },
    {
      "identity" : "swiftsoup",
      "kind" : "remoteSourceControl",
      "location" : "https://github.com/scinfu/SwiftSoup",
      "state" : {
        "revision" : "028487d4a8a291b2fe1b4392b5425b6172056148",
        "version" : "2.7.2"
      }
    },
    {
      "identity" : "xcodeedit",
      "kind" : "remoteSourceControl",
      "location" : "https://github.com/tomlokhorst/XcodeEdit",
      "state" : {
        "revision" : "cd466d6e8c5ffd2f2b61165d37b0646f09068e1e",
        "version" : "2.9.0"
      }
    }
  ],
  "version" : 3
}
