{
  "pins" : [
    {
      "identity" : "bbtoast",
      "kind" : "remoteSourceControl",
      "location" : "https://github.com/bibinjacobpulickal/BBToast.git",
      "state" : {
        "revision" : "367bd95a5208c430eae12082f6e95d3dc9bc39c1",
        "version" : "1.0.1"
      }
    },
    {
      "identity" : "kdtree",
      "kind" : "remoteSourceControl",
      "location" : "https://github.com/Bersaelor/KDTree",
      "state" : {
        "revision" : "490df2848e3f497bdc2edf61667f4ab669cff26e",
        "version" : "1.4.1"
      }
    },
    {
      "identity" : "r.swift",
      "kind" : "remoteSourceControl",
      "location" : "https://github.com/mac-cain13/R.swift",
      "state" : {
        "revision" : "ebd055b076daf2e78f832b0209fa617ad0342cc3",
        "version" : "7.2.1"
      }
    },
    {
      "identity" : "swift-argument-parser",
      "kind" : "remoteSourceControl",
      "location" : "https://github.com/apple/swift-argument-parser",
      "state" : {
        "revision" : "fddd1c00396eed152c45a46bea9f47b98e59301d",
        "version" : "1.2.0"
      }
    },
    {
      "identity" : "swiftsoup",
      "kind" : "remoteSourceControl",
      "location" : "https://github.com/scinfu/SwiftSoup",
      "state" : {
        "revision" : "6778575285177365cbad3e5b8a72f2a20583cfec",
        "version" : "2.4.3"
      }
    },
    {
      "identity" : "xcodeedit",
      "kind" : "remoteSourceControl",
      "location" : "https://github.com/tomlokhorst/XcodeEdit",
      "state" : {
        "revision" : "cd466d6e8c5ffd2f2b61165d37b0646f09068e1e",
        "version" : "2.9.0"
      }
    }
  ],
  "version" : 2
}
